
Microsoft Visual Studio Solution File, Format Version 12.00
# Visual Studio Version 16
VisualStudioVersion = 16.0.29709.97
MinimumVisualStudioVersion = 10.0.40219.1
Project("{2150E333-8FDC-42A3-9474-1A3956D46DE8}") = "Ch01", "Ch01", "{342657A3-7EB8-45CA-9440-DB22AD8AB389}"
EndProject
Project("{8BC9CEB8-8B4A-11D0-8D11-00A0C91BC942}") = "FirstApp", "FirstApp\FirstApp.vcxproj", "{3F78D4A3-2552-401D-9DFA-FCAC3FC9DBD5}"
EndProject
Project("{8BC9CEB8-8B4A-11D0-8D11-00A0C91BC942}") = "TempleteTest", "TempleteTest\TempleteTest.vcxproj", "{43A8E1A4-EDB5-476A-AA18-5D8C0B511689}"
EndProject
Project("{8BC9CEB8-8B4A-11D0-8D11-00A0C91BC942}") = "EscapeTest", "EscapeTest\EscapeTest.vcxproj", "{78FEC5F4-2507-4DD4-A678-A756B48D3AB5}"
EndProject
Project("{8BC9CEB8-8B4A-11D0-8D11-00A0C91BC942}") = "VarTest", "Variable\Variable.vcxproj", "{DB8CF92B-C663-41D6-A8FE-864A8BA49EAE}"
EndProject
Project("{2150E333-8FDC-42A3-9474-1A3956D46DE8}") = "Ch03", "Ch03", "{F653666A-8EFF-4745-BFD5-08150D848CB7}"
EndProject
Project("{8BC9CEB8-8B4A-11D0-8D11-00A0C91BC942}") = "StringTest", "StringTest\StringTest.vcxproj", "{CADCDC9F-5432-4861-8CBC-756A49CE93FF}"
EndProject
Project("{2150E333-8FDC-42A3-9474-1A3956D46DE8}") = "Ch04", "Ch04", "{379E1BA8-1875-406A-9AA4-7BA64B44DD57}"
EndProject
Project("{8BC9CEB8-8B4A-11D0-8D11-00A0C91BC942}") = "DivideTest", "DivideTest\DivideTest.vcxproj", "{7EB22A00-6D50-4FE0-91BE-495B5919C707}"
EndProject
Project("{8BC9CEB8-8B4A-11D0-8D11-00A0C91BC942}") = "CastTest", "CastTest\CastTest.vcxproj", "{3D174C32-0BA8-4421-BD9D-986FCD66AA60}"
EndProject
Project("{8BC9CEB8-8B4A-11D0-8D11-00A0C91BC942}") = "OpTestApp", "OpTestApp\OpTestApp.vcxproj", "{30834C6A-B8DE-4CFF-9F34-D58DE9D052B4}"
EndProject
Project("{2150E333-8FDC-42A3-9474-1A3956D46DE8}") = "Ch5", "Ch5", "{EA834333-4E52-4232-AF3C-D83778F51C5D}"
EndProject
Global
	GlobalSection(SolutionConfigurationPlatforms) = preSolution
		Debug|x64 = Debug|x64
		Debug|x86 = Debug|x86
		Release|x64 = Release|x64
		Release|x86 = Release|x86
	EndGlobalSection
	GlobalSection(ProjectConfigurationPlatforms) = postSolution
		{3F78D4A3-2552-401D-9DFA-FCAC3FC9DBD5}.Debug|x64.ActiveCfg = Debug|x64
		{3F78D4A3-2552-401D-9DFA-FCAC3FC9DBD5}.Debug|x64.Build.0 = Debug|x64
		{3F78D4A3-2552-401D-9DFA-FCAC3FC9DBD5}.Debug|x86.ActiveCfg = Debug|Win32
		{3F78D4A3-2552-401D-9DFA-FCAC3FC9DBD5}.Debug|x86.Build.0 = Debug|Win32
		{3F78D4A3-2552-401D-9DFA-FCAC3FC9DBD5}.Release|x64.ActiveCfg = Release|x64
		{3F78D4A3-2552-401D-9DFA-FCAC3FC9DBD5}.Release|x64.Build.0 = Release|x64
		{3F78D4A3-2552-401D-9DFA-FCAC3FC9DBD5}.Release|x86.ActiveCfg = Release|Win32
		{3F78D4A3-2552-401D-9DFA-FCAC3FC9DBD5}.Release|x86.Build.0 = Release|Win32
		{43A8E1A4-EDB5-476A-AA18-5D8C0B511689}.Debug|x64.ActiveCfg = Debug|x64
		{43A8E1A4-EDB5-476A-AA18-5D8C0B511689}.Debug|x64.Build.0 = Debug|x64
		{43A8E1A4-EDB5-476A-AA18-5D8C0B511689}.Debug|x86.ActiveCfg = Debug|Win32
		{43A8E1A4-EDB5-476A-AA18-5D8C0B511689}.Debug|x86.Build.0 = Debug|Win32
		{43A8E1A4-EDB5-476A-AA18-5D8C0B511689}.Release|x64.ActiveCfg = Release|x64
		{43A8E1A4-EDB5-476A-AA18-5D8C0B511689}.Release|x64.Build.0 = Release|x64
		{43A8E1A4-EDB5-476A-AA18-5D8C0B511689}.Release|x86.ActiveCfg = Release|Win32
		{43A8E1A4-EDB5-476A-AA18-5D8C0B511689}.Release|x86.Build.0 = Release|Win32
		{78FEC5F4-2507-4DD4-A678-A756B48D3AB5}.Debug|x64.ActiveCfg = Debug|x64
		{78FEC5F4-2507-4DD4-A678-A756B48D3AB5}.Debug|x64.Build.0 = Debug|x64
		{78FEC5F4-2507-4DD4-A678-A756B48D3AB5}.Debug|x86.ActiveCfg = Debug|Win32
		{78FEC5F4-2507-4DD4-A678-A756B48D3AB5}.Debug|x86.Build.0 = Debug|Win32
		{78FEC5F4-2507-4DD4-A678-A756B48D3AB5}.Release|x64.ActiveCfg = Release|x64
		{78FEC5F4-2507-4DD4-A678-A756B48D3AB5}.Release|x64.Build.0 = Release|x64
		{78FEC5F4-2507-4DD4-A678-A756B48D3AB5}.Release|x86.ActiveCfg = Release|Win32
		{78FEC5F4-2507-4DD4-A678-A756B48D3AB5}.Release|x86.Build.0 = Release|Win32
		{DB8CF92B-C663-41D6-A8FE-864A8BA49EAE}.Debug|x64.ActiveCfg = Debug|x64
		{DB8CF92B-C663-41D6-A8FE-864A8BA49EAE}.Debug|x64.Build.0 = Debug|x64
		{DB8CF92B-C663-41D6-A8FE-864A8BA49EAE}.Debug|x86.ActiveCfg = Debug|Win32
		{DB8CF92B-C663-41D6-A8FE-864A8BA49EAE}.Debug|x86.Build.0 = Debug|Win32
		{DB8CF92B-C663-41D6-A8FE-864A8BA49EAE}.Release|x64.ActiveCfg = Release|x64
		{DB8CF92B-C663-41D6-A8FE-864A8BA49EAE}.Release|x64.Build.0 = Release|x64
		{DB8CF92B-C663-41D6-A8FE-864A8BA49EAE}.Release|x86.ActiveCfg = Release|Win32
		{DB8CF92B-C663-41D6-A8FE-864A8BA49EAE}.Release|x86.Build.0 = Release|Win32
		{CADCDC9F-5432-4861-8CBC-756A49CE93FF}.Debug|x64.ActiveCfg = Debug|x64
		{CADCDC9F-5432-4861-8CBC-756A49CE93FF}.Debug|x64.Build.0 = Debug|x64
		{CADCDC9F-5432-4861-8CBC-756A49CE93FF}.Debug|x86.ActiveCfg = Debug|Win32
		{CADCDC9F-5432-4861-8CBC-756A49CE93FF}.Debug|x86.Build.0 = Debug|Win32
		{CADCDC9F-5432-4861-8CBC-756A49CE93FF}.Release|x64.ActiveCfg = Release|x64
		{CADCDC9F-5432-4861-8CBC-756A49CE93FF}.Release|x64.Build.0 = Release|x64
		{CADCDC9F-5432-4861-8CBC-756A49CE93FF}.Release|x86.ActiveCfg = Release|Win32
		{CADCDC9F-5432-4861-8CBC-756A49CE93FF}.Release|x86.Build.0 = Release|Win32
		{7EB22A00-6D50-4FE0-91BE-495B5919C707}.Debug|x64.ActiveCfg = Debug|x64
		{7EB22A00-6D50-4FE0-91BE-495B5919C707}.Debug|x64.Build.0 = Debug|x64
		{7EB22A00-6D50-4FE0-91BE-495B5919C707}.Debug|x86.ActiveCfg = Debug|Win32
		{7EB22A00-6D50-4FE0-91BE-495B5919C707}.Debug|x86.Build.0 = Debug|Win32
		{7EB22A00-6D50-4FE0-91BE-495B5919C707}.Release|x64.ActiveCfg = Release|x64
		{7EB22A00-6D50-4FE0-91BE-495B5919C707}.Release|x64.Build.0 = Release|x64
		{7EB22A00-6D50-4FE0-91BE-495B5919C707}.Release|x86.ActiveCfg = Release|Win32
		{7EB22A00-6D50-4FE0-91BE-495B5919C707}.Release|x86.Build.0 = Release|Win32
		{3D174C32-0BA8-4421-BD9D-986FCD66AA60}.Debug|x64.ActiveCfg = Debug|x64
		{3D174C32-0BA8-4421-BD9D-986FCD66AA60}.Debug|x64.Build.0 = Debug|x64
		{3D174C32-0BA8-4421-BD9D-986FCD66AA60}.Debug|x86.ActiveCfg = Debug|Win32
		{3D174C32-0BA8-4421-BD9D-986FCD66AA60}.Debug|x86.Build.0 = Debug|Win32
		{3D174C32-0BA8-4421-BD9D-986FCD66AA60}.Release|x64.ActiveCfg = Release|x64
		{3D174C32-0BA8-4421-BD9D-986FCD66AA60}.Release|x64.Build.0 = Release|x64
		{3D174C32-0BA8-4421-BD9D-986FCD66AA60}.Release|x86.ActiveCfg = Release|Win32
		{3D174C32-0BA8-4421-BD9D-986FCD66AA60}.Release|x86.Build.0 = Release|Win32
		{30834C6A-B8DE-4CFF-9F34-D58DE9D052B4}.Debug|x64.ActiveCfg = Debug|x64
		{30834C6A-B8DE-4CFF-9F34-D58DE9D052B4}.Debug|x64.Build.0 = Debug|x64
		{30834C6A-B8DE-4CFF-9F34-D58DE9D052B4}.Debug|x86.ActiveCfg = Debug|Win32
		{30834C6A-B8DE-4CFF-9F34-D58DE9D052B4}.Debug|x86.Build.0 = Debug|Win32
		{30834C6A-B8DE-4CFF-9F34-D58DE9D052B4}.Release|x64.ActiveCfg = Release|x64
		{30834C6A-B8DE-4CFF-9F34-D58DE9D052B4}.Release|x64.Build.0 = Release|x64
		{30834C6A-B8DE-4CFF-9F34-D58DE9D052B4}.Release|x86.ActiveCfg = Release|Win32
		{30834C6A-B8DE-4CFF-9F34-D58DE9D052B4}.Release|x86.Build.0 = Release|Win32
	EndGlobalSection
	GlobalSection(SolutionProperties) = preSolution
		HideSolutionNode = FALSE
	EndGlobalSection
	GlobalSection(NestedProjects) = preSolution
		{3F78D4A3-2552-401D-9DFA-FCAC3FC9DBD5} = {342657A3-7EB8-45CA-9440-DB22AD8AB389}
		{43A8E1A4-EDB5-476A-AA18-5D8C0B511689} = {342657A3-7EB8-45CA-9440-DB22AD8AB389}
		{78FEC5F4-2507-4DD4-A678-A756B48D3AB5} = {342657A3-7EB8-45CA-9440-DB22AD8AB389}
		{DB8CF92B-C663-41D6-A8FE-864A8BA49EAE} = {F653666A-8EFF-4745-BFD5-08150D848CB7}
		{CADCDC9F-5432-4861-8CBC-756A49CE93FF} = {F653666A-8EFF-4745-BFD5-08150D848CB7}
		{7EB22A00-6D50-4FE0-91BE-495B5919C707} = {379E1BA8-1875-406A-9AA4-7BA64B44DD57}
		{3D174C32-0BA8-4421-BD9D-986FCD66AA60} = {379E1BA8-1875-406A-9AA4-7BA64B44DD57}
		{30834C6A-B8DE-4CFF-9F34-D58DE9D052B4} = {379E1BA8-1875-406A-9AA4-7BA64B44DD57}
	EndGlobalSection
	GlobalSection(ExtensibilityGlobals) = postSolution
		SolutionGuid = {75E8EA6B-2D3D-4EDF-ABBC-ECC254B8F95D}
	EndGlobalSection
EndGlobal
