
Microsoft Visual Studio Solution File, Format Version 12.00
# Visual Studio Version 16
VisualStudioVersion = 16.0.29709.97
MinimumVisualStudioVersion = 10.0.40219.1
Project("{2150E333-8FDC-42A3-9474-1A3956D46DE8}") = "Ch01", "Ch01", "{342657A3-7EB8-45CA-9440-DB22AD8AB389}"
EndProject
Project("{8BC9CEB8-8B4A-11D0-8D11-00A0C91BC942}") = "FirstApp", "FirstApp\FirstApp.vcxproj", "{3F78D4A3-2552-401D-9DFA-FCAC3FC9DBD5}"
EndProject
Project("{8BC9CEB8-8B4A-11D0-8D11-00A0C91BC942}") = "TempleteTest", "TempleteTest\TempleteTest.vcxproj", "{43A8E1A4-EDB5-476A-AA18-5D8C0B511689}"
EndProject
Project("{8BC9CEB8-8B4A-11D0-8D11-00A0C91BC942}") = "EscapeTest", "EscapeTest\EscapeTest.vcxproj", "{78FEC5F4-2507-4DD4-A678-A756B48D3AB5}"
EndProject
Project("{8BC9CEB8-8B4A-11D0-8D11-00A0C91BC942}") = "VarTest", "Variable\Variable.vcxproj", "{DB8CF92B-C663-41D6-A8FE-864A8BA49EAE}"
EndProject
Project("{2150E333-8FDC-42A3-9474-1A3956D46DE8}") = "Ch03", "Ch03", "{F653666A-8EFF-4745-BFD5-08150D848CB7}"
EndProject
Project("{8BC9CEB8-8B4A-11D0-8D11-00A0C91BC942}") = "StringTest", "StringTest\StringTest.vcxproj", "{CADCDC9F-5432-4861-8CBC-756A49CE93FF}"
EndProject
Project("{2150E333-8FDC-42A3-9474-1A3956D46DE8}") = "Ch04", "Ch04", "{379E1BA8-1875-406A-9AA4-7BA64B44DD57}"
EndProject
Project("{8BC9CEB8-8B4A-11D0-8D11-00A0C91BC942}") = "DivideTest", "DivideTest\DivideTest.vcxproj", "{7EB22A00-6D50-4FE0-91BE-495B5919C707}"
EndProject
Project("{8BC9CEB8-8B4A-11D0-8D11-00A0C91BC942}") = "CastTest", "CastTest\CastTest.vcxproj", "{3D174C32-0BA8-4421-BD9D-986FCD66AA60}"
EndProject
Project("{8BC9CEB8-8B4A-11D0-8D11-00A0C91BC942}") = "OpTestApp", "OpTestApp\OpTestApp.vcxproj", "{30834C6A-B8DE-4CFF-9F34-D58DE9D052B4}"
EndProject
Project("{2150E333-8FDC-42A3-9474-1A3956D46DE8}") = "Ch05", "Ch05", "{EA834333-4E52-4232-AF3C-D83778F51C5D}"
EndProject
Project("{8BC9CEB8-8B4A-11D0-8D11-00A0C91BC942}") = "IfTestApp", "IfTestApp\IfTestApp.vcxproj", "{472EDB24-37D0-4390-8F10-7371EEBCF87E}"
EndProject
Project("{2150E333-8FDC-42A3-9474-1A3956D46DE8}") = "Ch08", "Ch08", "{59DBD96A-CE91-41D7-816C-87129F010390}"
EndProject
Project("{8BC9CEB8-8B4A-11D0-8D11-00A0C91BC942}") = "StringAppTest", "StringAppTest\StringAppTest.vcxproj", "{A78B5E17-C795-4603-85F2-3893254AC93D}"
EndProject
Project("{2150E333-8FDC-42A3-9474-1A3956D46DE8}") = "Ch09", "Ch09", "{1E0DFFD2-CE49-4229-9535-8C86696CA4E5}"
EndProject
Project("{8BC9CEB8-8B4A-11D0-8D11-00A0C91BC942}") = "PointTest", "PointTest\PointTest.vcxproj", "{786DDD2F-4E51-413A-A1D4-4EEABC402507}"
EndProject
Project("{2150E333-8FDC-42A3-9474-1A3956D46DE8}") = "hehehe", "hehehe", "{47D4BB8B-6903-487F-8018-25C27FD74C29}"
EndProject
Project("{8BC9CEB8-8B4A-11D0-8D11-00A0C91BC942}") = "CTempRebuild4", "CTempRebuild4\CTempRebuild4.vcxproj", "{57273117-E85F-452B-BB0B-2B0F542A2180}"
EndProject
Project("{8BC9CEB8-8B4A-11D0-8D11-00A0C91BC942}") = "SwapTestApp", "SwapTestApp\SwapTestApp.vcxproj", "{58522CAC-4C56-4247-B250-F91016A9D3A6}"
EndProject
Project("{2150E333-8FDC-42A3-9474-1A3956D46DE8}") = "Ch10", "Ch10", "{D247B1ED-75E0-4F3D-9632-35613D65721C}"
EndProject
Project("{8BC9CEB8-8B4A-11D0-8D11-00A0C91BC942}") = "ArrayTestApp", "ArrayTestApp\ArrayTestApp.vcxproj", "{07413776-AE88-49CA-99E1-BCA808C73AC1}"
EndProject
Project("{2150E333-8FDC-42A3-9474-1A3956D46DE8}") = "Ch11", "Ch11", "{81F2AE16-60CA-4E9D-87BD-8CDDA439AB8F}"
EndProject
Project("{8BC9CEB8-8B4A-11D0-8D11-00A0C91BC942}") = "Song'sCTemp2", "Song'sCTemp2\Song'sCTemp2.vcxproj", "{7EB8EFBF-6FAA-43C5-ADCC-E0A158431DD4}"
EndProject
Project("{2150E333-8FDC-42A3-9474-1A3956D46DE8}") = "Ch12", "Ch12", "{048D0329-B06B-425A-B9F1-51A35832F051}"
EndProject
Project("{8BC9CEB8-8B4A-11D0-8D11-00A0C91BC942}") = "11-2", "11-2\11-2.vcxproj", "{AD49A984-C2BF-42CC-B63F-F8CED38EE37E}"
EndProject
Project("{8BC9CEB8-8B4A-11D0-8D11-00A0C91BC942}") = "StrTestApp", "StrTestApp\StrTestApp.vcxproj", "{224220AF-0317-48E0-892E-FCD6881E30CC}"
EndProject
Project("{8BC9CEB8-8B4A-11D0-8D11-00A0C91BC942}") = "12-2CharFunc", "12-2CharFunc\12-2CharFunc.vcxproj", "{547C9615-EB29-428B-AE97-D44B0BD98649}"
EndProject
Project("{2150E333-8FDC-42A3-9474-1A3956D46DE8}") = "Ch13", "Ch13", "{18C08E7B-E103-416F-B362-47B8502795F6}"
EndProject
Project("{8BC9CEB8-8B4A-11D0-8D11-00A0C91BC942}") = "VarTestApp", "VarTestApp\VarTestApp.vcxproj", "{922AB527-98AE-4BC7-B1D4-2B8B28C524EF}"
EndProject
Project("{8BC9CEB8-8B4A-11D0-8D11-00A0C91BC942}") = "GlobalVarTestApp", "GlobalVarTestApp\GlobalVarTestApp.vcxproj", "{04D3F62C-92C2-4E12-A71F-0BC566F48CF9}"
EndProject
Project("{8BC9CEB8-8B4A-11D0-8D11-00A0C91BC942}") = "StaticVarTestApp", "StaticVarTestApp\StaticVarTestApp.vcxproj", "{127BFF00-3254-4A03-86DE-E88462DF4F32}"
EndProject
Project("{8BC9CEB8-8B4A-11D0-8D11-00A0C91BC942}") = "RegisterVarTestApp", "RegisterVarTestApp\RegisterVarTestApp.vcxproj", "{2CFEAB8F-96EB-4E22-B320-B74A2C63FF80}"
EndProject
Project("{2150E333-8FDC-42A3-9474-1A3956D46DE8}") = "Ch14", "Ch14", "{E922B32A-2D24-41E1-B7DC-EE481A83877C}"
EndProject
Project("{2150E333-8FDC-42A3-9474-1A3956D46DE8}") = "13-1", "13-1", "{F9C711B7-2085-4B7A-854D-B6C079C32110}"
EndProject
Project("{2150E333-8FDC-42A3-9474-1A3956D46DE8}") = "13-2", "13-2", "{199735B9-45F4-425B-B830-1599FBB62B9A}"
EndProject
Project("{8BC9CEB8-8B4A-11D0-8D11-00A0C91BC942}") = "FunShareTestApp", "FunShareTestApp\FunShareTestApp.vcxproj", "{370D8ADC-A6C8-4483-8113-38E43917DB36}"
EndProject
Project("{8BC9CEB8-8B4A-11D0-8D11-00A0C91BC942}") = "13-8", "13-8\13-8.vcxproj", "{213E35CD-10F4-4FAD-B009-BD35B200D1CA}"
EndProject
Global
	GlobalSection(SolutionConfigurationPlatforms) = preSolution
		Debug|x64 = Debug|x64
		Debug|x86 = Debug|x86
		Release|x64 = Release|x64
		Release|x86 = Release|x86
	EndGlobalSection
	GlobalSection(ProjectConfigurationPlatforms) = postSolution
		{3F78D4A3-2552-401D-9DFA-FCAC3FC9DBD5}.Debug|x64.ActiveCfg = Debug|x64
		{3F78D4A3-2552-401D-9DFA-FCAC3FC9DBD5}.Debug|x64.Build.0 = Debug|x64
		{3F78D4A3-2552-401D-9DFA-FCAC3FC9DBD5}.Debug|x86.ActiveCfg = Debug|Win32
		{3F78D4A3-2552-401D-9DFA-FCAC3FC9DBD5}.Debug|x86.Build.0 = Debug|Win32
		{3F78D4A3-2552-401D-9DFA-FCAC3FC9DBD5}.Release|x64.ActiveCfg = Release|x64
		{3F78D4A3-2552-401D-9DFA-FCAC3FC9DBD5}.Release|x64.Build.0 = Release|x64
		{3F78D4A3-2552-401D-9DFA-FCAC3FC9DBD5}.Release|x86.ActiveCfg = Release|Win32
		{3F78D4A3-2552-401D-9DFA-FCAC3FC9DBD5}.Release|x86.Build.0 = Release|Win32
		{43A8E1A4-EDB5-476A-AA18-5D8C0B511689}.Debug|x64.ActiveCfg = Debug|x64
		{43A8E1A4-EDB5-476A-AA18-5D8C0B511689}.Debug|x64.Build.0 = Debug|x64
		{43A8E1A4-EDB5-476A-AA18-5D8C0B511689}.Debug|x86.ActiveCfg = Debug|Win32
		{43A8E1A4-EDB5-476A-AA18-5D8C0B511689}.Debug|x86.Build.0 = Debug|Win32
		{43A8E1A4-EDB5-476A-AA18-5D8C0B511689}.Release|x64.ActiveCfg = Release|x64
		{43A8E1A4-EDB5-476A-AA18-5D8C0B511689}.Release|x64.Build.0 = Release|x64
		{43A8E1A4-EDB5-476A-AA18-5D8C0B511689}.Release|x86.ActiveCfg = Release|Win32
		{43A8E1A4-EDB5-476A-AA18-5D8C0B511689}.Release|x86.Build.0 = Release|Win32
		{78FEC5F4-2507-4DD4-A678-A756B48D3AB5}.Debug|x64.ActiveCfg = Debug|x64
		{78FEC5F4-2507-4DD4-A678-A756B48D3AB5}.Debug|x64.Build.0 = Debug|x64
		{78FEC5F4-2507-4DD4-A678-A756B48D3AB5}.Debug|x86.ActiveCfg = Debug|Win32
		{78FEC5F4-2507-4DD4-A678-A756B48D3AB5}.Debug|x86.Build.0 = Debug|Win32
		{78FEC5F4-2507-4DD4-A678-A756B48D3AB5}.Release|x64.ActiveCfg = Release|x64
		{78FEC5F4-2507-4DD4-A678-A756B48D3AB5}.Release|x64.Build.0 = Release|x64
		{78FEC5F4-2507-4DD4-A678-A756B48D3AB5}.Release|x86.ActiveCfg = Release|Win32
		{78FEC5F4-2507-4DD4-A678-A756B48D3AB5}.Release|x86.Build.0 = Release|Win32
		{DB8CF92B-C663-41D6-A8FE-864A8BA49EAE}.Debug|x64.ActiveCfg = Debug|x64
		{DB8CF92B-C663-41D6-A8FE-864A8BA49EAE}.Debug|x64.Build.0 = Debug|x64
		{DB8CF92B-C663-41D6-A8FE-864A8BA49EAE}.Debug|x86.ActiveCfg = Debug|Win32
		{DB8CF92B-C663-41D6-A8FE-864A8BA49EAE}.Debug|x86.Build.0 = Debug|Win32
		{DB8CF92B-C663-41D6-A8FE-864A8BA49EAE}.Release|x64.ActiveCfg = Release|x64
		{DB8CF92B-C663-41D6-A8FE-864A8BA49EAE}.Release|x64.Build.0 = Release|x64
		{DB8CF92B-C663-41D6-A8FE-864A8BA49EAE}.Release|x86.ActiveCfg = Release|Win32
		{DB8CF92B-C663-41D6-A8FE-864A8BA49EAE}.Release|x86.Build.0 = Release|Win32
		{CADCDC9F-5432-4861-8CBC-756A49CE93FF}.Debug|x64.ActiveCfg = Debug|x64
		{CADCDC9F-5432-4861-8CBC-756A49CE93FF}.Debug|x64.Build.0 = Debug|x64
		{CADCDC9F-5432-4861-8CBC-756A49CE93FF}.Debug|x86.ActiveCfg = Debug|Win32
		{CADCDC9F-5432-4861-8CBC-756A49CE93FF}.Debug|x86.Build.0 = Debug|Win32
		{CADCDC9F-5432-4861-8CBC-756A49CE93FF}.Release|x64.ActiveCfg = Release|x64
		{CADCDC9F-5432-4861-8CBC-756A49CE93FF}.Release|x64.Build.0 = Release|x64
		{CADCDC9F-5432-4861-8CBC-756A49CE93FF}.Release|x86.ActiveCfg = Release|Win32
		{CADCDC9F-5432-4861-8CBC-756A49CE93FF}.Release|x86.Build.0 = Release|Win32
		{7EB22A00-6D50-4FE0-91BE-495B5919C707}.Debug|x64.ActiveCfg = Debug|x64
		{7EB22A00-6D50-4FE0-91BE-495B5919C707}.Debug|x64.Build.0 = Debug|x64
		{7EB22A00-6D50-4FE0-91BE-495B5919C707}.Debug|x86.ActiveCfg = Debug|Win32
		{7EB22A00-6D50-4FE0-91BE-495B5919C707}.Debug|x86.Build.0 = Debug|Win32
		{7EB22A00-6D50-4FE0-91BE-495B5919C707}.Release|x64.ActiveCfg = Release|x64
		{7EB22A00-6D50-4FE0-91BE-495B5919C707}.Release|x64.Build.0 = Release|x64
		{7EB22A00-6D50-4FE0-91BE-495B5919C707}.Release|x86.ActiveCfg = Release|Win32
		{7EB22A00-6D50-4FE0-91BE-495B5919C707}.Release|x86.Build.0 = Release|Win32
		{3D174C32-0BA8-4421-BD9D-986FCD66AA60}.Debug|x64.ActiveCfg = Debug|x64
		{3D174C32-0BA8-4421-BD9D-986FCD66AA60}.Debug|x64.Build.0 = Debug|x64
		{3D174C32-0BA8-4421-BD9D-986FCD66AA60}.Debug|x86.ActiveCfg = Debug|Win32
		{3D174C32-0BA8-4421-BD9D-986FCD66AA60}.Debug|x86.Build.0 = Debug|Win32
		{3D174C32-0BA8-4421-BD9D-986FCD66AA60}.Release|x64.ActiveCfg = Release|x64
		{3D174C32-0BA8-4421-BD9D-986FCD66AA60}.Release|x64.Build.0 = Release|x64
		{3D174C32-0BA8-4421-BD9D-986FCD66AA60}.Release|x86.ActiveCfg = Release|Win32
		{3D174C32-0BA8-4421-BD9D-986FCD66AA60}.Release|x86.Build.0 = Release|Win32
		{30834C6A-B8DE-4CFF-9F34-D58DE9D052B4}.Debug|x64.ActiveCfg = Debug|x64
		{30834C6A-B8DE-4CFF-9F34-D58DE9D052B4}.Debug|x64.Build.0 = Debug|x64
		{30834C6A-B8DE-4CFF-9F34-D58DE9D052B4}.Debug|x86.ActiveCfg = Debug|Win32
		{30834C6A-B8DE-4CFF-9F34-D58DE9D052B4}.Debug|x86.Build.0 = Debug|Win32
		{30834C6A-B8DE-4CFF-9F34-D58DE9D052B4}.Release|x64.ActiveCfg = Release|x64
		{30834C6A-B8DE-4CFF-9F34-D58DE9D052B4}.Release|x64.Build.0 = Release|x64
		{30834C6A-B8DE-4CFF-9F34-D58DE9D052B4}.Release|x86.ActiveCfg = Release|Win32
		{30834C6A-B8DE-4CFF-9F34-D58DE9D052B4}.Release|x86.Build.0 = Release|Win32
		{472EDB24-37D0-4390-8F10-7371EEBCF87E}.Debug|x64.ActiveCfg = Debug|x64
		{472EDB24-37D0-4390-8F10-7371EEBCF87E}.Debug|x64.Build.0 = Debug|x64
		{472EDB24-37D0-4390-8F10-7371EEBCF87E}.Debug|x86.ActiveCfg = Debug|Win32
		{472EDB24-37D0-4390-8F10-7371EEBCF87E}.Debug|x86.Build.0 = Debug|Win32
		{472EDB24-37D0-4390-8F10-7371EEBCF87E}.Release|x64.ActiveCfg = Release|x64
		{472EDB24-37D0-4390-8F10-7371EEBCF87E}.Release|x64.Build.0 = Release|x64
		{472EDB24-37D0-4390-8F10-7371EEBCF87E}.Release|x86.ActiveCfg = Release|Win32
		{472EDB24-37D0-4390-8F10-7371EEBCF87E}.Release|x86.Build.0 = Release|Win32
		{A78B5E17-C795-4603-85F2-3893254AC93D}.Debug|x64.ActiveCfg = Debug|x64
		{A78B5E17-C795-4603-85F2-3893254AC93D}.Debug|x64.Build.0 = Debug|x64
		{A78B5E17-C795-4603-85F2-3893254AC93D}.Debug|x86.ActiveCfg = Debug|Win32
		{A78B5E17-C795-4603-85F2-3893254AC93D}.Debug|x86.Build.0 = Debug|Win32
		{A78B5E17-C795-4603-85F2-3893254AC93D}.Release|x64.ActiveCfg = Release|x64
		{A78B5E17-C795-4603-85F2-3893254AC93D}.Release|x64.Build.0 = Release|x64
		{A78B5E17-C795-4603-85F2-3893254AC93D}.Release|x86.ActiveCfg = Release|Win32
		{A78B5E17-C795-4603-85F2-3893254AC93D}.Release|x86.Build.0 = Release|Win32
		{786DDD2F-4E51-413A-A1D4-4EEABC402507}.Debug|x64.ActiveCfg = Debug|x64
		{786DDD2F-4E51-413A-A1D4-4EEABC402507}.Debug|x64.Build.0 = Debug|x64
		{786DDD2F-4E51-413A-A1D4-4EEABC402507}.Debug|x86.ActiveCfg = Debug|Win32
		{786DDD2F-4E51-413A-A1D4-4EEABC402507}.Debug|x86.Build.0 = Debug|Win32
		{786DDD2F-4E51-413A-A1D4-4EEABC402507}.Release|x64.ActiveCfg = Release|x64
		{786DDD2F-4E51-413A-A1D4-4EEABC402507}.Release|x64.Build.0 = Release|x64
		{786DDD2F-4E51-413A-A1D4-4EEABC402507}.Release|x86.ActiveCfg = Release|Win32
		{786DDD2F-4E51-413A-A1D4-4EEABC402507}.Release|x86.Build.0 = Release|Win32
		{57273117-E85F-452B-BB0B-2B0F542A2180}.Debug|x64.ActiveCfg = Debug|x64
		{57273117-E85F-452B-BB0B-2B0F542A2180}.Debug|x64.Build.0 = Debug|x64
		{57273117-E85F-452B-BB0B-2B0F542A2180}.Debug|x86.ActiveCfg = Debug|Win32
		{57273117-E85F-452B-BB0B-2B0F542A2180}.Debug|x86.Build.0 = Debug|Win32
		{57273117-E85F-452B-BB0B-2B0F542A2180}.Release|x64.ActiveCfg = Release|x64
		{57273117-E85F-452B-BB0B-2B0F542A2180}.Release|x64.Build.0 = Release|x64
		{57273117-E85F-452B-BB0B-2B0F542A2180}.Release|x86.ActiveCfg = Release|Win32
		{57273117-E85F-452B-BB0B-2B0F542A2180}.Release|x86.Build.0 = Release|Win32
		{58522CAC-4C56-4247-B250-F91016A9D3A6}.Debug|x64.ActiveCfg = Debug|x64
		{58522CAC-4C56-4247-B250-F91016A9D3A6}.Debug|x64.Build.0 = Debug|x64
		{58522CAC-4C56-4247-B250-F91016A9D3A6}.Debug|x86.ActiveCfg = Debug|Win32
		{58522CAC-4C56-4247-B250-F91016A9D3A6}.Debug|x86.Build.0 = Debug|Win32
		{58522CAC-4C56-4247-B250-F91016A9D3A6}.Release|x64.ActiveCfg = Release|x64
		{58522CAC-4C56-4247-B250-F91016A9D3A6}.Release|x64.Build.0 = Release|x64
		{58522CAC-4C56-4247-B250-F91016A9D3A6}.Release|x86.ActiveCfg = Release|Win32
		{58522CAC-4C56-4247-B250-F91016A9D3A6}.Release|x86.Build.0 = Release|Win32
		{07413776-AE88-49CA-99E1-BCA808C73AC1}.Debug|x64.ActiveCfg = Debug|x64
		{07413776-AE88-49CA-99E1-BCA808C73AC1}.Debug|x64.Build.0 = Debug|x64
		{07413776-AE88-49CA-99E1-BCA808C73AC1}.Debug|x86.ActiveCfg = Debug|Win32
		{07413776-AE88-49CA-99E1-BCA808C73AC1}.Debug|x86.Build.0 = Debug|Win32
		{07413776-AE88-49CA-99E1-BCA808C73AC1}.Release|x64.ActiveCfg = Release|x64
		{07413776-AE88-49CA-99E1-BCA808C73AC1}.Release|x64.Build.0 = Release|x64
		{07413776-AE88-49CA-99E1-BCA808C73AC1}.Release|x86.ActiveCfg = Release|Win32
		{07413776-AE88-49CA-99E1-BCA808C73AC1}.Release|x86.Build.0 = Release|Win32
		{7EB8EFBF-6FAA-43C5-ADCC-E0A158431DD4}.Debug|x64.ActiveCfg = Debug|x64
		{7EB8EFBF-6FAA-43C5-ADCC-E0A158431DD4}.Debug|x64.Build.0 = Debug|x64
		{7EB8EFBF-6FAA-43C5-ADCC-E0A158431DD4}.Debug|x86.ActiveCfg = Debug|Win32
		{7EB8EFBF-6FAA-43C5-ADCC-E0A158431DD4}.Debug|x86.Build.0 = Debug|Win32
		{7EB8EFBF-6FAA-43C5-ADCC-E0A158431DD4}.Release|x64.ActiveCfg = Release|x64
		{7EB8EFBF-6FAA-43C5-ADCC-E0A158431DD4}.Release|x64.Build.0 = Release|x64
		{7EB8EFBF-6FAA-43C5-ADCC-E0A158431DD4}.Release|x86.ActiveCfg = Release|Win32
		{7EB8EFBF-6FAA-43C5-ADCC-E0A158431DD4}.Release|x86.Build.0 = Release|Win32
		{AD49A984-C2BF-42CC-B63F-F8CED38EE37E}.Debug|x64.ActiveCfg = Debug|x64
		{AD49A984-C2BF-42CC-B63F-F8CED38EE37E}.Debug|x64.Build.0 = Debug|x64
		{AD49A984-C2BF-42CC-B63F-F8CED38EE37E}.Debug|x86.ActiveCfg = Debug|Win32
		{AD49A984-C2BF-42CC-B63F-F8CED38EE37E}.Debug|x86.Build.0 = Debug|Win32
		{AD49A984-C2BF-42CC-B63F-F8CED38EE37E}.Release|x64.ActiveCfg = Release|x64
		{AD49A984-C2BF-42CC-B63F-F8CED38EE37E}.Release|x64.Build.0 = Release|x64
		{AD49A984-C2BF-42CC-B63F-F8CED38EE37E}.Release|x86.ActiveCfg = Release|Win32
		{AD49A984-C2BF-42CC-B63F-F8CED38EE37E}.Release|x86.Build.0 = Release|Win32
		{224220AF-0317-48E0-892E-FCD6881E30CC}.Debug|x64.ActiveCfg = Debug|x64
		{224220AF-0317-48E0-892E-FCD6881E30CC}.Debug|x64.Build.0 = Debug|x64
		{224220AF-0317-48E0-892E-FCD6881E30CC}.Debug|x86.ActiveCfg = Debug|Win32
		{224220AF-0317-48E0-892E-FCD6881E30CC}.Debug|x86.Build.0 = Debug|Win32
		{224220AF-0317-48E0-892E-FCD6881E30CC}.Release|x64.ActiveCfg = Release|x64
		{224220AF-0317-48E0-892E-FCD6881E30CC}.Release|x64.Build.0 = Release|x64
		{224220AF-0317-48E0-892E-FCD6881E30CC}.Release|x86.ActiveCfg = Release|Win32
		{224220AF-0317-48E0-892E-FCD6881E30CC}.Release|x86.Build.0 = Release|Win32
		{547C9615-EB29-428B-AE97-D44B0BD98649}.Debug|x64.ActiveCfg = Debug|x64
		{547C9615-EB29-428B-AE97-D44B0BD98649}.Debug|x64.Build.0 = Debug|x64
		{547C9615-EB29-428B-AE97-D44B0BD98649}.Debug|x86.ActiveCfg = Debug|Win32
		{547C9615-EB29-428B-AE97-D44B0BD98649}.Debug|x86.Build.0 = Debug|Win32
		{547C9615-EB29-428B-AE97-D44B0BD98649}.Release|x64.ActiveCfg = Release|x64
		{547C9615-EB29-428B-AE97-D44B0BD98649}.Release|x64.Build.0 = Release|x64
		{547C9615-EB29-428B-AE97-D44B0BD98649}.Release|x86.ActiveCfg = Release|Win32
		{547C9615-EB29-428B-AE97-D44B0BD98649}.Release|x86.Build.0 = Release|Win32
		{922AB527-98AE-4BC7-B1D4-2B8B28C524EF}.Debug|x64.ActiveCfg = Debug|x64
		{922AB527-98AE-4BC7-B1D4-2B8B28C524EF}.Debug|x64.Build.0 = Debug|x64
		{922AB527-98AE-4BC7-B1D4-2B8B28C524EF}.Debug|x86.ActiveCfg = Debug|Win32
		{922AB527-98AE-4BC7-B1D4-2B8B28C524EF}.Debug|x86.Build.0 = Debug|Win32
		{922AB527-98AE-4BC7-B1D4-2B8B28C524EF}.Release|x64.ActiveCfg = Release|x64
		{922AB527-98AE-4BC7-B1D4-2B8B28C524EF}.Release|x64.Build.0 = Release|x64
		{922AB527-98AE-4BC7-B1D4-2B8B28C524EF}.Release|x86.ActiveCfg = Release|Win32
		{922AB527-98AE-4BC7-B1D4-2B8B28C524EF}.Release|x86.Build.0 = Release|Win32
		{04D3F62C-92C2-4E12-A71F-0BC566F48CF9}.Debug|x64.ActiveCfg = Debug|x64
		{04D3F62C-92C2-4E12-A71F-0BC566F48CF9}.Debug|x64.Build.0 = Debug|x64
		{04D3F62C-92C2-4E12-A71F-0BC566F48CF9}.Debug|x86.ActiveCfg = Debug|Win32
		{04D3F62C-92C2-4E12-A71F-0BC566F48CF9}.Debug|x86.Build.0 = Debug|Win32
		{04D3F62C-92C2-4E12-A71F-0BC566F48CF9}.Release|x64.ActiveCfg = Release|x64
		{04D3F62C-92C2-4E12-A71F-0BC566F48CF9}.Release|x64.Build.0 = Release|x64
		{04D3F62C-92C2-4E12-A71F-0BC566F48CF9}.Release|x86.ActiveCfg = Release|Win32
		{04D3F62C-92C2-4E12-A71F-0BC566F48CF9}.Release|x86.Build.0 = Release|Win32
		{127BFF00-3254-4A03-86DE-E88462DF4F32}.Debug|x64.ActiveCfg = Debug|x64
		{127BFF00-3254-4A03-86DE-E88462DF4F32}.Debug|x64.Build.0 = Debug|x64
		{127BFF00-3254-4A03-86DE-E88462DF4F32}.Debug|x86.ActiveCfg = Debug|Win32
		{127BFF00-3254-4A03-86DE-E88462DF4F32}.Debug|x86.Build.0 = Debug|Win32
		{127BFF00-3254-4A03-86DE-E88462DF4F32}.Release|x64.ActiveCfg = Release|x64
		{127BFF00-3254-4A03-86DE-E88462DF4F32}.Release|x64.Build.0 = Release|x64
		{127BFF00-3254-4A03-86DE-E88462DF4F32}.Release|x86.ActiveCfg = Release|Win32
		{127BFF00-3254-4A03-86DE-E88462DF4F32}.Release|x86.Build.0 = Release|Win32
		{2CFEAB8F-96EB-4E22-B320-B74A2C63FF80}.Debug|x64.ActiveCfg = Debug|x64
		{2CFEAB8F-96EB-4E22-B320-B74A2C63FF80}.Debug|x64.Build.0 = Debug|x64
		{2CFEAB8F-96EB-4E22-B320-B74A2C63FF80}.Debug|x86.ActiveCfg = Debug|Win32
		{2CFEAB8F-96EB-4E22-B320-B74A2C63FF80}.Debug|x86.Build.0 = Debug|Win32
		{2CFEAB8F-96EB-4E22-B320-B74A2C63FF80}.Release|x64.ActiveCfg = Release|x64
		{2CFEAB8F-96EB-4E22-B320-B74A2C63FF80}.Release|x64.Build.0 = Release|x64
		{2CFEAB8F-96EB-4E22-B320-B74A2C63FF80}.Release|x86.ActiveCfg = Release|Win32
		{2CFEAB8F-96EB-4E22-B320-B74A2C63FF80}.Release|x86.Build.0 = Release|Win32
		{370D8ADC-A6C8-4483-8113-38E43917DB36}.Debug|x64.ActiveCfg = Debug|x64
		{370D8ADC-A6C8-4483-8113-38E43917DB36}.Debug|x64.Build.0 = Debug|x64
		{370D8ADC-A6C8-4483-8113-38E43917DB36}.Debug|x86.ActiveCfg = Debug|Win32
		{370D8ADC-A6C8-4483-8113-38E43917DB36}.Debug|x86.Build.0 = Debug|Win32
		{370D8ADC-A6C8-4483-8113-38E43917DB36}.Release|x64.ActiveCfg = Release|x64
		{370D8ADC-A6C8-4483-8113-38E43917DB36}.Release|x64.Build.0 = Release|x64
		{370D8ADC-A6C8-4483-8113-38E43917DB36}.Release|x86.ActiveCfg = Release|Win32
		{370D8ADC-A6C8-4483-8113-38E43917DB36}.Release|x86.Build.0 = Release|Win32
		{213E35CD-10F4-4FAD-B009-BD35B200D1CA}.Debug|x64.ActiveCfg = Debug|x64
		{213E35CD-10F4-4FAD-B009-BD35B200D1CA}.Debug|x64.Build.0 = Debug|x64
		{213E35CD-10F4-4FAD-B009-BD35B200D1CA}.Debug|x86.ActiveCfg = Debug|Win32
		{213E35CD-10F4-4FAD-B009-BD35B200D1CA}.Debug|x86.Build.0 = Debug|Win32
		{213E35CD-10F4-4FAD-B009-BD35B200D1CA}.Release|x64.ActiveCfg = Release|x64
		{213E35CD-10F4-4FAD-B009-BD35B200D1CA}.Release|x64.Build.0 = Release|x64
		{213E35CD-10F4-4FAD-B009-BD35B200D1CA}.Release|x86.ActiveCfg = Release|Win32
		{213E35CD-10F4-4FAD-B009-BD35B200D1CA}.Release|x86.Build.0 = Release|Win32
	EndGlobalSection
	GlobalSection(SolutionProperties) = preSolution
		HideSolutionNode = FALSE
	EndGlobalSection
	GlobalSection(NestedProjects) = preSolution
		{3F78D4A3-2552-401D-9DFA-FCAC3FC9DBD5} = {342657A3-7EB8-45CA-9440-DB22AD8AB389}
		{43A8E1A4-EDB5-476A-AA18-5D8C0B511689} = {342657A3-7EB8-45CA-9440-DB22AD8AB389}
		{78FEC5F4-2507-4DD4-A678-A756B48D3AB5} = {342657A3-7EB8-45CA-9440-DB22AD8AB389}
		{DB8CF92B-C663-41D6-A8FE-864A8BA49EAE} = {F653666A-8EFF-4745-BFD5-08150D848CB7}
		{CADCDC9F-5432-4861-8CBC-756A49CE93FF} = {F653666A-8EFF-4745-BFD5-08150D848CB7}
		{7EB22A00-6D50-4FE0-91BE-495B5919C707} = {379E1BA8-1875-406A-9AA4-7BA64B44DD57}
		{3D174C32-0BA8-4421-BD9D-986FCD66AA60} = {379E1BA8-1875-406A-9AA4-7BA64B44DD57}
		{30834C6A-B8DE-4CFF-9F34-D58DE9D052B4} = {379E1BA8-1875-406A-9AA4-7BA64B44DD57}
		{472EDB24-37D0-4390-8F10-7371EEBCF87E} = {EA834333-4E52-4232-AF3C-D83778F51C5D}
		{A78B5E17-C795-4603-85F2-3893254AC93D} = {59DBD96A-CE91-41D7-816C-87129F010390}
		{786DDD2F-4E51-413A-A1D4-4EEABC402507} = {1E0DFFD2-CE49-4229-9535-8C86696CA4E5}
		{57273117-E85F-452B-BB0B-2B0F542A2180} = {47D4BB8B-6903-487F-8018-25C27FD74C29}
		{58522CAC-4C56-4247-B250-F91016A9D3A6} = {1E0DFFD2-CE49-4229-9535-8C86696CA4E5}
		{07413776-AE88-49CA-99E1-BCA808C73AC1} = {D247B1ED-75E0-4F3D-9632-35613D65721C}
		{7EB8EFBF-6FAA-43C5-ADCC-E0A158431DD4} = {81F2AE16-60CA-4E9D-87BD-8CDDA439AB8F}
		{AD49A984-C2BF-42CC-B63F-F8CED38EE37E} = {81F2AE16-60CA-4E9D-87BD-8CDDA439AB8F}
		{224220AF-0317-48E0-892E-FCD6881E30CC} = {048D0329-B06B-425A-B9F1-51A35832F051}
		{547C9615-EB29-428B-AE97-D44B0BD98649} = {048D0329-B06B-425A-B9F1-51A35832F051}
		{922AB527-98AE-4BC7-B1D4-2B8B28C524EF} = {F9C711B7-2085-4B7A-854D-B6C079C32110}
		{04D3F62C-92C2-4E12-A71F-0BC566F48CF9} = {F9C711B7-2085-4B7A-854D-B6C079C32110}
		{127BFF00-3254-4A03-86DE-E88462DF4F32} = {F9C711B7-2085-4B7A-854D-B6C079C32110}
		{2CFEAB8F-96EB-4E22-B320-B74A2C63FF80} = {F9C711B7-2085-4B7A-854D-B6C079C32110}
		{F9C711B7-2085-4B7A-854D-B6C079C32110} = {18C08E7B-E103-416F-B362-47B8502795F6}
		{199735B9-45F4-425B-B830-1599FBB62B9A} = {18C08E7B-E103-416F-B362-47B8502795F6}
		{370D8ADC-A6C8-4483-8113-38E43917DB36} = {199735B9-45F4-425B-B830-1599FBB62B9A}
		{213E35CD-10F4-4FAD-B009-BD35B200D1CA} = {199735B9-45F4-425B-B830-1599FBB62B9A}
	EndGlobalSection
	GlobalSection(ExtensibilityGlobals) = postSolution
		SolutionGuid = {75E8EA6B-2D3D-4EDF-ABBC-ECC254B8F95D}
	EndGlobalSection
EndGlobal
