
Microsoft Visual Studio Solution File, Format Version 12.00
# Visual Studio Version 16
VisualStudioVersion = 16.0.29709.97
MinimumVisualStudioVersion = 10.0.40219.1
Project("{2150E333-8FDC-42A3-9474-1A3956D46DE8}") = "Ch01", "Ch01", "{342657A3-7EB8-45CA-9440-DB22AD8AB389}"
EndProject
Project("{8BC9CEB8-8B4A-11D0-8D11-00A0C91BC942}") = "FirstApp", "FirstApp\FirstApp.vcxproj", "{3F78D4A3-2552-401D-9DFA-FCAC3FC9DBD5}"
EndProject
Project("{8BC9CEB8-8B4A-11D0-8D11-00A0C91BC942}") = "TempleteTest", "TempleteTest\TempleteTest.vcxproj", "{43A8E1A4-EDB5-476A-AA18-5D8C0B511689}"
EndProject
Project("{8BC9CEB8-8B4A-11D0-8D11-00A0C91BC942}") = "EscapeTest", "EscapeTest\EscapeTest.vcxproj", "{78FEC5F4-2507-4DD4-A678-A756B48D3AB5}"
EndProject
Project("{8BC9CEB8-8B4A-11D0-8D11-00A0C91BC942}") = "VarTest", "Variable\Variable.vcxproj", "{DB8CF92B-C663-41D6-A8FE-864A8BA49EAE}"
EndProject
Project("{2150E333-8FDC-42A3-9474-1A3956D46DE8}") = "Ch03", "Ch03", "{F653666A-8EFF-4745-BFD5-08150D848CB7}"
EndProject
Project("{8BC9CEB8-8B4A-11D0-8D11-00A0C91BC942}") = "StringTest", "StringTest\StringTest.vcxproj", "{CADCDC9F-5432-4861-8CBC-756A49CE93FF}"
EndProject
Project("{2150E333-8FDC-42A3-9474-1A3956D46DE8}") = "Ch04", "Ch04", "{379E1BA8-1875-406A-9AA4-7BA64B44DD57}"
EndProject
Project("{8BC9CEB8-8B4A-11D0-8D11-00A0C91BC942}") = "DivideTest", "DivideTest\DivideTest.vcxproj", "{7EB22A00-6D50-4FE0-91BE-495B5919C707}"
EndProject
Project("{8BC9CEB8-8B4A-11D0-8D11-00A0C91BC942}") = "CastTest", "CastTest\CastTest.vcxproj", "{3D174C32-0BA8-4421-BD9D-986FCD66AA60}"
EndProject
Project("{8BC9CEB8-8B4A-11D0-8D11-00A0C91BC942}") = "OpTestApp", "OpTestApp\OpTestApp.vcxproj", "{30834C6A-B8DE-4CFF-9F34-D58DE9D052B4}"
EndProject
Project("{2150E333-8FDC-42A3-9474-1A3956D46DE8}") = "Ch05", "Ch05", "{EA834333-4E52-4232-AF3C-D83778F51C5D}"
EndProject
Project("{8BC9CEB8-8B4A-11D0-8D11-00A0C91BC942}") = "IfTestApp", "IfTestApp\IfTestApp.vcxproj", "{472EDB24-37D0-4390-8F10-7371EEBCF87E}"
EndProject
Project("{2150E333-8FDC-42A3-9474-1A3956D46DE8}") = "Ch08", "Ch08", "{59DBD96A-CE91-41D7-816C-87129F010390}"
EndProject
Project("{8BC9CEB8-8B4A-11D0-8D11-00A0C91BC942}") = "StringAppTest", "StringAppTest\StringAppTest.vcxproj", "{A78B5E17-C795-4603-85F2-3893254AC93D}"
EndProject
Project("{2150E333-8FDC-42A3-9474-1A3956D46DE8}") = "Ch09", "Ch09", "{1E0DFFD2-CE49-4229-9535-8C86696CA4E5}"
EndProject
Project("{8BC9CEB8-8B4A-11D0-8D11-00A0C91BC942}") = "PointTest", "PointTest\PointTest.vcxproj", "{786DDD2F-4E51-413A-A1D4-4EEABC402507}"
EndProject
Project("{2150E333-8FDC-42A3-9474-1A3956D46DE8}") = "hehehe", "hehehe", "{47D4BB8B-6903-487F-8018-25C27FD74C29}"
EndProject
Project("{8BC9CEB8-8B4A-11D0-8D11-00A0C91BC942}") = "CTempRebuild4", "CTempRebuild4\CTempRebuild4.vcxproj", "{57273117-E85F-452B-BB0B-2B0F542A2180}"
EndProject
Project("{8BC9CEB8-8B4A-11D0-8D11-00A0C91BC942}") = "SwapTestApp", "SwapTestApp\SwapTestApp.vcxproj", "{58522CAC-4C56-4247-B250-F91016A9D3A6}"
EndProject
Project("{2150E333-8FDC-42A3-9474-1A3956D46DE8}") = "Ch10", "Ch10", "{D247B1ED-75E0-4F3D-9632-35613D65721C}"
EndProject
Project("{8BC9CEB8-8B4A-11D0-8D11-00A0C91BC942}") = "ArrayTestApp", "ArrayTestApp\ArrayTestApp.vcxproj", "{07413776-AE88-49CA-99E1-BCA808C73AC1}"
EndProject
Project("{2150E333-8FDC-42A3-9474-1A3956D46DE8}") = "Ch11", "Ch11", "{81F2AE16-60CA-4E9D-87BD-8CDDA439AB8F}"
EndProject
Project("{8BC9CEB8-8B4A-11D0-8D11-00A0C91BC942}") = "Song'sCTemp2", "Song'sCTemp2\Song'sCTemp2.vcxproj", "{7EB8EFBF-6FAA-43C5-ADCC-E0A158431DD4}"
EndProject
Project("{2150E333-8FDC-42A3-9474-1A3956D46DE8}") = "Ch12", "Ch12", "{048D0329-B06B-425A-B9F1-51A35832F051}"
EndProject
Project("{8BC9CEB8-8B4A-11D0-8D11-00A0C91BC942}") = "11-2", "11-2\11-2.vcxproj", "{AD49A984-C2BF-42CC-B63F-F8CED38EE37E}"
EndProject
Project("{8BC9CEB8-8B4A-11D0-8D11-00A0C91BC942}") = "StrTestApp", "StrTestApp\StrTestApp.vcxproj", "{224220AF-0317-48E0-892E-FCD6881E30CC}"
EndProject
Project("{8BC9CEB8-8B4A-11D0-8D11-00A0C91BC942}") = "12-2CharFunc", "12-2CharFunc\12-2CharFunc.vcxproj", "{547C9615-EB29-428B-AE97-D44B0BD98649}"
EndProject
Project("{2150E333-8FDC-42A3-9474-1A3956D46DE8}") = "Ch13", "Ch13", "{18C08E7B-E103-416F-B362-47B8502795F6}"
EndProject
Project("{8BC9CEB8-8B4A-11D0-8D11-00A0C91BC942}") = "VarTestApp", "VarTestApp\VarTestApp.vcxproj", "{922AB527-98AE-4BC7-B1D4-2B8B28C524EF}"
EndProject
Project("{8BC9CEB8-8B4A-11D0-8D11-00A0C91BC942}") = "GlobalVarTestApp", "GlobalVarTestApp\GlobalVarTestApp.vcxproj", "{04D3F62C-92C2-4E12-A71F-0BC566F48CF9}"
EndProject
Project("{8BC9CEB8-8B4A-11D0-8D11-00A0C91BC942}") = "StaticVarTestApp", "StaticVarTestApp\StaticVarTestApp.vcxproj", "{127BFF00-3254-4A03-86DE-E88462DF4F32}"
EndProject
Project("{8BC9CEB8-8B4A-11D0-8D11-00A0C91BC942}") = "RegisterVarTestApp", "RegisterVarTestApp\RegisterVarTestApp.vcxproj", "{2CFEAB8F-96EB-4E22-B320-B74A2C63FF80}"
EndProject
Project("{2150E333-8FDC-42A3-9474-1A3956D46DE8}") = "Ch14", "Ch14", "{E922B32A-2D24-41E1-B7DC-EE481A83877C}"
EndProject
Project("{2150E333-8FDC-42A3-9474-1A3956D46DE8}") = "13-1", "13-1", "{F9C711B7-2085-4B7A-854D-B6C079C32110}"
EndProject
Project("{2150E333-8FDC-42A3-9474-1A3956D46DE8}") = "13-2", "13-2", "{199735B9-45F4-425B-B830-1599FBB62B9A}"
EndProject
Project("{8BC9CEB8-8B4A-11D0-8D11-00A0C91BC942}") = "FunShareTestApp", "FunShareTestApp\FunShareTestApp.vcxproj", "{370D8ADC-A6C8-4483-8113-38E43917DB36}"
EndProject
Project("{8BC9CEB8-8B4A-11D0-8D11-00A0C91BC942}") = "13-8", "13-8\13-8.vcxproj", "{213E35CD-10F4-4FAD-B009-BD35B200D1CA}"
EndProject
Project("{8BC9CEB8-8B4A-11D0-8D11-00A0C91BC942}") = "SArryTestApp", "SArryTestApp\SArryTestApp.vcxproj", "{23929266-6125-44B1-A1E0-85130E546404}"
EndProject
Project("{8BC9CEB8-8B4A-11D0-8D11-00A0C91BC942}") = "Song'sTemplate1", "Song'sTemplate1\Song'sTemplate1.vcxproj", "{62DC7F7D-D08E-4910-9377-9BDB30F1B5E1}"
EndProject
Project("{8BC9CEB8-8B4A-11D0-8D11-00A0C91BC942}") = "ThirdArryApp", "ThirdArryApp\ThirdArryApp.vcxproj", "{2B3BEE63-0BD0-4853-91FB-C4995CA2F53D}"
EndProject
Project("{8BC9CEB8-8B4A-11D0-8D11-00A0C91BC942}") = "StrPtrApp", "StrPtrApp\StrPtrApp.vcxproj", "{BB53EEA2-FF8D-4EC8-A681-C713185234E2}"
EndProject
Project("{2150E333-8FDC-42A3-9474-1A3956D46DE8}") = "Ch15", "Ch15", "{31BA4CAA-0DDB-45F4-AEB4-CAFF6892D858}"
EndProject
Project("{8BC9CEB8-8B4A-11D0-8D11-00A0C91BC942}") = "DoublePointApp", "DubblePointApp\DubblePointApp.vcxproj", "{040EEE96-72BE-449C-AC0E-9EFCD4AEB5CA}"
EndProject
Project("{8BC9CEB8-8B4A-11D0-8D11-00A0C91BC942}") = "PtrSwapApp", "PtrSwapApp\PtrSwapApp.vcxproj", "{B0AAE32D-165D-43DF-9FAC-B83A7F586217}"
EndProject
Project("{8BC9CEB8-8B4A-11D0-8D11-00A0C91BC942}") = "DoublePointArryApp", "DoublePointArryApp\DoublePointArryApp.vcxproj", "{ABDBF65E-183D-4C2C-BBE6-ED992D693FAC}"
EndProject
Project("{8BC9CEB8-8B4A-11D0-8D11-00A0C91BC942}") = "AryCompareApp", "AryCompareApp\AryCompareApp.vcxproj", "{12D4F9C0-CDBF-41A7-BA8B-44CB5054A19D}"
EndProject
Project("{8BC9CEB8-8B4A-11D0-8D11-00A0C91BC942}") = "FuncPtrApp", "FuncPtrApp\FuncPtrApp.vcxproj", "{A08C4E7D-644B-499F-8916-968F76DBFFB9}"
EndProject
Project("{8BC9CEB8-8B4A-11D0-8D11-00A0C91BC942}") = "FuncUseApp", "FunUseApp\FunUseApp.vcxproj", "{91D7B179-47E8-4B59-8D2A-784589BB254A}"
EndProject
Project("{8BC9CEB8-8B4A-11D0-8D11-00A0C91BC942}") = "VoidPointAPp", "VoidPointAPp\VoidPointAPp.vcxproj", "{738F919D-9A5B-47CB-9356-7253AB5F1BB3}"
EndProject
Project("{2150E333-8FDC-42A3-9474-1A3956D46DE8}") = "Ch16", "Ch16", "{A1C35E1E-EEAD-4A2A-B414-3CFD08F2B10C}"
EndProject
Project("{8BC9CEB8-8B4A-11D0-8D11-00A0C91BC942}") = "16-1 DynamicMemApp", "DynamicMemApp\DynamicMemApp.vcxproj", "{83225176-8D71-48AB-AA38-43653AF2CD6A}"
EndProject
Project("{8BC9CEB8-8B4A-11D0-8D11-00A0C91BC942}") = "16-2 DynamicStrApp", "16-2 DynamicStrApp\16-2 DynamicStrApp.vcxproj", "{2A892187-D564-4D2C-863C-66474348E2F0}"
EndProject
Project("{8BC9CEB8-8B4A-11D0-8D11-00A0C91BC942}") = "16-2.2MainArgApp", "16-2.2 MainArgApp\16-2.2 MainArgApp.vcxproj", "{8782FE13-A9EA-4463-8CCB-832193E94509}"
EndProject
Project("{2150E333-8FDC-42A3-9474-1A3956D46DE8}") = "Ch17", "Ch17", "{5331B896-37C7-4112-8ACB-585E6A1DACF7}"
EndProject
Project("{8BC9CEB8-8B4A-11D0-8D11-00A0C91BC942}") = "17-1.1StructTestApp", "17-1StructTestApp\17-1StructTestApp.vcxproj", "{7ED7CCEB-1E67-49F3-9E84-B70B40189447}"
EndProject
Project("{8BC9CEB8-8B4A-11D0-8D11-00A0C91BC942}") = "17-1.2StrPointStructApp", "17-1.2StrPointStructApp\17-1.2StrPointStructApp.vcxproj", "{091106CA-BFBC-4321-B85D-DA07C4AFA042}"
EndProject
Project("{8BC9CEB8-8B4A-11D0-8D11-00A0C91BC942}") = "17-3.c", "17-1.3\17-1.3.vcxproj", "{012E6B73-14F2-418F-A277-D0653E0AF513}"
EndProject
Project("{8BC9CEB8-8B4A-11D0-8D11-00A0C91BC942}") = "17-4.c", "17-4.c\17-4.c.vcxproj", "{6F3654F4-AD25-4797-8C14-422AB06B0FD6}"
EndProject
Project("{8BC9CEB8-8B4A-11D0-8D11-00A0C91BC942}") = "17-5.c", "17-5.c\17-5.c.vcxproj", "{30B47B82-87D4-4D56-AD3C-D6FF701C07BC}"
EndProject
Project("{8BC9CEB8-8B4A-11D0-8D11-00A0C91BC942}") = "17-6.c", "17-6.c\17-6.c.vcxproj", "{880C7E08-94E9-4615-83E0-DAEEFC8A903C}"
EndProject
Project("{8BC9CEB8-8B4A-11D0-8D11-00A0C91BC942}") = "17-7.c", "17-7.c\17-7.c.vcxproj", "{E5A79E81-697F-410E-9D57-F5FCD0A91FC7}"
EndProject
Project("{8BC9CEB8-8B4A-11D0-8D11-00A0C91BC942}") = "17-8.c", "17-8.c\17-8.c.vcxproj", "{C62E2FF6-4F58-48BC-917D-2472384B3316}"
EndProject
Project("{8BC9CEB8-8B4A-11D0-8D11-00A0C91BC942}") = "17-9.c", "17-9.c\17-9.c.vcxproj", "{DFDFD7C5-AD45-4A49-9AF6-301F1EF6EBF2}"
EndProject
Project("{8BC9CEB8-8B4A-11D0-8D11-00A0C91BC942}") = "17-10UnionApp", "17-10.c\17-10.c.vcxproj", "{F8EDBF4E-F4E1-4C8F-B682-69784C8F4F28}"
EndProject
Project("{8BC9CEB8-8B4A-11D0-8D11-00A0C91BC942}") = "17-11.c", "17-11.c\17-11.c.vcxproj", "{15C3F22F-3874-4C3D-864C-6ECBDB40A1C9}"
EndProject
Project("{2150E333-8FDC-42A3-9474-1A3956D46DE8}") = "Ch18", "Ch18", "{7CEE0DC7-A4E6-44FB-AA50-69E4A370031C}"
EndProject
Project("{8BC9CEB8-8B4A-11D0-8D11-00A0C91BC942}") = "18-1FileTestApp", "18-1FileTestApp\18-1FileTestApp.vcxproj", "{9FC91254-81CE-499A-B538-DC39388D1DDE}"
EndProject
Project("{8BC9CEB8-8B4A-11D0-8D11-00A0C91BC942}") = "18-8FileCopyApp", "18-8FileCopyApp\18-8FileCopyApp.vcxproj", "{A8645AFC-739E-4D98-B0D6-5D31EC7FC315}"
EndProject
Project("{8BC9CEB8-8B4A-11D0-8D11-00A0C91BC942}") = "18-10.c", "18-10.c\18-10.c.vcxproj", "{2B4F747E-FBB0-4C78-B964-92E555AED345}"
EndProject
Project("{2150E333-8FDC-42A3-9474-1A3956D46DE8}") = "Ch19", "Ch19", "{4498D0BA-B826-4E35-A273-A0528174C6D6}"
EndProject
Project("{8BC9CEB8-8B4A-11D0-8D11-00A0C91BC942}") = "19-1StandardApp", "19-1StandardApp\19-1StandardApp.vcxproj", "{04A1DBEF-B594-45AA-AFB3-8A8127059AA8}"
EndProject
Project("{8BC9CEB8-8B4A-11D0-8D11-00A0C91BC942}") = "19-4Macro", "19-4Macro\19-4Macro.vcxproj", "{48EF0E38-A31D-4B01-B135-A1AE3063A219}"
EndProject
Project("{8BC9CEB8-8B4A-11D0-8D11-00A0C91BC942}") = "19-8DivideSrcApp", "19-8DivideSrcApp\19-8DivideSrcApp.vcxproj", "{52D05BD6-9EAE-4DB7-8724-7DF6CCB6ECF5}"
EndProject
Project("{8BC9CEB8-8B4A-11D0-8D11-00A0C91BC942}") = "19-9ExternStaticApp", "19-9ExternStaticApp\19-9ExternStaticApp.vcxproj", "{9EE864B6-9C56-4266-9CB0-E57B20C090B4}"
EndProject
Project("{8BC9CEB8-8B4A-11D0-8D11-00A0C91BC942}") = "19-10DupTestApp", "19-10DupTestApp\19-10DupTestApp.vcxproj", "{F51F25ED-AE81-4A63-ABBC-8288B4F1961D}"
EndProject
Project("{2150E333-8FDC-42A3-9474-1A3956D46DE8}") = "Add", "Add", "{C400888F-9207-454E-8B98-E19F07FDB0E3}"
EndProject
Project("{8BC9CEB8-8B4A-11D0-8D11-00A0C91BC942}") = "SelectSorceApp", "SelectSorceApp\SelectSorceApp.vcxproj", "{9EFEAC00-11F0-4479-9B6B-A0ED0AA134D9}"
EndProject
Project("{2150E333-8FDC-42A3-9474-1A3956D46DE8}") = "Ch20", "Ch20", "{E1BB1FA0-B017-419B-99B1-B552FB317032}"
EndProject
Project("{8BC9CEB8-8B4A-11D0-8D11-00A0C91BC942}") = "CMathLib", "CMathLib\CMathLib.vcxproj", "{9B220E09-8508-486D-9370-9F4593E86FA3}"
EndProject
Project("{8BC9CEB8-8B4A-11D0-8D11-00A0C91BC942}") = "UsingStaticLibApp", "UsingStaticLibApp\UsingStaticLibApp.vcxproj", "{824C5180-F13B-4E6D-A423-BFE64F503673}"
EndProject
Project("{8BC9CEB8-8B4A-11D0-8D11-00A0C91BC942}") = "MyMathLib", "MyMathLib\MyMathLib.vcxproj", "{97E3BA7C-ABB5-46A9-99D1-E0B73F1CE08F}"
EndProject
Project("{8BC9CEB8-8B4A-11D0-8D11-00A0C91BC942}") = "UsingDynLibApp", "UsingDynLibApp\UsingDynLibApp.vcxproj", "{198CCA5D-53F2-4345-A5C8-26E36F3D941A}"
EndProject
Project("{8BC9CEB8-8B4A-11D0-8D11-00A0C91BC942}") = "MySqlTestApp", "MySqlTestApp\MySqlTestApp.vcxproj", "{15A7A8DB-1581-4754-AE8E-F118C74BE3DC}"
EndProject
Project("{2150E333-8FDC-42A3-9474-1A3956D46DE8}") = "Ch21", "Ch21", "{635162A5-72FD-4E26-90E5-227F33A123C4}"
EndProject
Project("{8BC9CEB8-8B4A-11D0-8D11-00A0C91BC942}") = "JsonSimplePaser", "JsonSimplePaser\JsonSimplePaser.vcxproj", "{A1CC1050-5EA3-47B6-BE05-784CB715C439}"
EndProject
Project("{8BC9CEB8-8B4A-11D0-8D11-00A0C91BC942}") = "UsingParsonApp", "UsingParsonApp\UsingParsonApp.vcxproj", "{7FC51952-78E1-4964-B70C-E161A1531BB5}"
EndProject
Project("{2150E333-8FDC-42A3-9474-1A3956D46DE8}") = "easy", "easy", "{EFF65909-86D6-4351-BBFE-2113B7A6A96D}"
EndProject
Project("{8BC9CEB8-8B4A-11D0-8D11-00A0C91BC942}") = "example1", "example1\example1.vcxproj", "{EA260A63-FE2E-4765-866B-96BBFCDA2C9A}"
EndProject
Project("{8BC9CEB8-8B4A-11D0-8D11-00A0C91BC942}") = "example2", "example2\example2.vcxproj", "{0C68C090-DA70-4906-85D3-6C425A815A40}"
EndProject
Project("{8BC9CEB8-8B4A-11D0-8D11-00A0C91BC942}") = "example3", "example3\example3.vcxproj", "{0616AF0A-52F8-4086-9C24-AFCB12ABE93A}"
EndProject
Project("{8BC9CEB8-8B4A-11D0-8D11-00A0C91BC942}") = "Song'sTemplate2", "Song'sTemplate2\Song'sTemplate2.vcxproj", "{92BEC595-D5CE-4A10-BCFE-1AB68A4E3D8D}"
EndProject
Global
	GlobalSection(SolutionConfigurationPlatforms) = preSolution
		Debug|Any CPU = Debug|Any CPU
		Debug|x64 = Debug|x64
		Debug|x86 = Debug|x86
		Release|Any CPU = Release|Any CPU
		Release|x64 = Release|x64
		Release|x86 = Release|x86
	EndGlobalSection
	GlobalSection(ProjectConfigurationPlatforms) = postSolution
		{3F78D4A3-2552-401D-9DFA-FCAC3FC9DBD5}.Debug|Any CPU.ActiveCfg = Debug|Win32
		{3F78D4A3-2552-401D-9DFA-FCAC3FC9DBD5}.Debug|x64.ActiveCfg = Debug|x64
		{3F78D4A3-2552-401D-9DFA-FCAC3FC9DBD5}.Debug|x64.Build.0 = Debug|x64
		{3F78D4A3-2552-401D-9DFA-FCAC3FC9DBD5}.Debug|x86.ActiveCfg = Debug|Win32
		{3F78D4A3-2552-401D-9DFA-FCAC3FC9DBD5}.Debug|x86.Build.0 = Debug|Win32
		{3F78D4A3-2552-401D-9DFA-FCAC3FC9DBD5}.Release|Any CPU.ActiveCfg = Release|Win32
		{3F78D4A3-2552-401D-9DFA-FCAC3FC9DBD5}.Release|x64.ActiveCfg = Release|x64
		{3F78D4A3-2552-401D-9DFA-FCAC3FC9DBD5}.Release|x64.Build.0 = Release|x64
		{3F78D4A3-2552-401D-9DFA-FCAC3FC9DBD5}.Release|x86.ActiveCfg = Release|Win32
		{3F78D4A3-2552-401D-9DFA-FCAC3FC9DBD5}.Release|x86.Build.0 = Release|Win32
		{43A8E1A4-EDB5-476A-AA18-5D8C0B511689}.Debug|Any CPU.ActiveCfg = Debug|Win32
		{43A8E1A4-EDB5-476A-AA18-5D8C0B511689}.Debug|x64.ActiveCfg = Debug|x64
		{43A8E1A4-EDB5-476A-AA18-5D8C0B511689}.Debug|x64.Build.0 = Debug|x64
		{43A8E1A4-EDB5-476A-AA18-5D8C0B511689}.Debug|x86.ActiveCfg = Debug|Win32
		{43A8E1A4-EDB5-476A-AA18-5D8C0B511689}.Debug|x86.Build.0 = Debug|Win32
		{43A8E1A4-EDB5-476A-AA18-5D8C0B511689}.Release|Any CPU.ActiveCfg = Release|Win32
		{43A8E1A4-EDB5-476A-AA18-5D8C0B511689}.Release|x64.ActiveCfg = Release|x64
		{43A8E1A4-EDB5-476A-AA18-5D8C0B511689}.Release|x64.Build.0 = Release|x64
		{43A8E1A4-EDB5-476A-AA18-5D8C0B511689}.Release|x86.ActiveCfg = Release|Win32
		{43A8E1A4-EDB5-476A-AA18-5D8C0B511689}.Release|x86.Build.0 = Release|Win32
		{78FEC5F4-2507-4DD4-A678-A756B48D3AB5}.Debug|Any CPU.ActiveCfg = Debug|Win32
		{78FEC5F4-2507-4DD4-A678-A756B48D3AB5}.Debug|x64.ActiveCfg = Debug|x64
		{78FEC5F4-2507-4DD4-A678-A756B48D3AB5}.Debug|x64.Build.0 = Debug|x64
		{78FEC5F4-2507-4DD4-A678-A756B48D3AB5}.Debug|x86.ActiveCfg = Debug|Win32
		{78FEC5F4-2507-4DD4-A678-A756B48D3AB5}.Debug|x86.Build.0 = Debug|Win32
		{78FEC5F4-2507-4DD4-A678-A756B48D3AB5}.Release|Any CPU.ActiveCfg = Release|Win32
		{78FEC5F4-2507-4DD4-A678-A756B48D3AB5}.Release|x64.ActiveCfg = Release|x64
		{78FEC5F4-2507-4DD4-A678-A756B48D3AB5}.Release|x64.Build.0 = Release|x64
		{78FEC5F4-2507-4DD4-A678-A756B48D3AB5}.Release|x86.ActiveCfg = Release|Win32
		{78FEC5F4-2507-4DD4-A678-A756B48D3AB5}.Release|x86.Build.0 = Release|Win32
		{DB8CF92B-C663-41D6-A8FE-864A8BA49EAE}.Debug|Any CPU.ActiveCfg = Debug|Win32
		{DB8CF92B-C663-41D6-A8FE-864A8BA49EAE}.Debug|x64.ActiveCfg = Debug|x64
		{DB8CF92B-C663-41D6-A8FE-864A8BA49EAE}.Debug|x64.Build.0 = Debug|x64
		{DB8CF92B-C663-41D6-A8FE-864A8BA49EAE}.Debug|x86.ActiveCfg = Debug|Win32
		{DB8CF92B-C663-41D6-A8FE-864A8BA49EAE}.Debug|x86.Build.0 = Debug|Win32
		{DB8CF92B-C663-41D6-A8FE-864A8BA49EAE}.Release|Any CPU.ActiveCfg = Release|Win32
		{DB8CF92B-C663-41D6-A8FE-864A8BA49EAE}.Release|x64.ActiveCfg = Release|x64
		{DB8CF92B-C663-41D6-A8FE-864A8BA49EAE}.Release|x64.Build.0 = Release|x64
		{DB8CF92B-C663-41D6-A8FE-864A8BA49EAE}.Release|x86.ActiveCfg = Release|Win32
		{DB8CF92B-C663-41D6-A8FE-864A8BA49EAE}.Release|x86.Build.0 = Release|Win32
		{CADCDC9F-5432-4861-8CBC-756A49CE93FF}.Debug|Any CPU.ActiveCfg = Debug|Win32
		{CADCDC9F-5432-4861-8CBC-756A49CE93FF}.Debug|x64.ActiveCfg = Debug|x64
		{CADCDC9F-5432-4861-8CBC-756A49CE93FF}.Debug|x64.Build.0 = Debug|x64
		{CADCDC9F-5432-4861-8CBC-756A49CE93FF}.Debug|x86.ActiveCfg = Debug|Win32
		{CADCDC9F-5432-4861-8CBC-756A49CE93FF}.Debug|x86.Build.0 = Debug|Win32
		{CADCDC9F-5432-4861-8CBC-756A49CE93FF}.Release|Any CPU.ActiveCfg = Release|Win32
		{CADCDC9F-5432-4861-8CBC-756A49CE93FF}.Release|x64.ActiveCfg = Release|x64
		{CADCDC9F-5432-4861-8CBC-756A49CE93FF}.Release|x64.Build.0 = Release|x64
		{CADCDC9F-5432-4861-8CBC-756A49CE93FF}.Release|x86.ActiveCfg = Release|Win32
		{CADCDC9F-5432-4861-8CBC-756A49CE93FF}.Release|x86.Build.0 = Release|Win32
		{7EB22A00-6D50-4FE0-91BE-495B5919C707}.Debug|Any CPU.ActiveCfg = Debug|Win32
		{7EB22A00-6D50-4FE0-91BE-495B5919C707}.Debug|x64.ActiveCfg = Debug|x64
		{7EB22A00-6D50-4FE0-91BE-495B5919C707}.Debug|x64.Build.0 = Debug|x64
		{7EB22A00-6D50-4FE0-91BE-495B5919C707}.Debug|x86.ActiveCfg = Debug|Win32
		{7EB22A00-6D50-4FE0-91BE-495B5919C707}.Debug|x86.Build.0 = Debug|Win32
		{7EB22A00-6D50-4FE0-91BE-495B5919C707}.Release|Any CPU.ActiveCfg = Release|Win32
		{7EB22A00-6D50-4FE0-91BE-495B5919C707}.Release|x64.ActiveCfg = Release|x64
		{7EB22A00-6D50-4FE0-91BE-495B5919C707}.Release|x64.Build.0 = Release|x64
		{7EB22A00-6D50-4FE0-91BE-495B5919C707}.Release|x86.ActiveCfg = Release|Win32
		{7EB22A00-6D50-4FE0-91BE-495B5919C707}.Release|x86.Build.0 = Release|Win32
		{3D174C32-0BA8-4421-BD9D-986FCD66AA60}.Debug|Any CPU.ActiveCfg = Debug|Win32
		{3D174C32-0BA8-4421-BD9D-986FCD66AA60}.Debug|x64.ActiveCfg = Debug|x64
		{3D174C32-0BA8-4421-BD9D-986FCD66AA60}.Debug|x64.Build.0 = Debug|x64
		{3D174C32-0BA8-4421-BD9D-986FCD66AA60}.Debug|x86.ActiveCfg = Debug|Win32
		{3D174C32-0BA8-4421-BD9D-986FCD66AA60}.Debug|x86.Build.0 = Debug|Win32
		{3D174C32-0BA8-4421-BD9D-986FCD66AA60}.Release|Any CPU.ActiveCfg = Release|Win32
		{3D174C32-0BA8-4421-BD9D-986FCD66AA60}.Release|x64.ActiveCfg = Release|x64
		{3D174C32-0BA8-4421-BD9D-986FCD66AA60}.Release|x64.Build.0 = Release|x64
		{3D174C32-0BA8-4421-BD9D-986FCD66AA60}.Release|x86.ActiveCfg = Release|Win32
		{3D174C32-0BA8-4421-BD9D-986FCD66AA60}.Release|x86.Build.0 = Release|Win32
		{30834C6A-B8DE-4CFF-9F34-D58DE9D052B4}.Debug|Any CPU.ActiveCfg = Debug|Win32
		{30834C6A-B8DE-4CFF-9F34-D58DE9D052B4}.Debug|x64.ActiveCfg = Debug|x64
		{30834C6A-B8DE-4CFF-9F34-D58DE9D052B4}.Debug|x64.Build.0 = Debug|x64
		{30834C6A-B8DE-4CFF-9F34-D58DE9D052B4}.Debug|x86.ActiveCfg = Debug|Win32
		{30834C6A-B8DE-4CFF-9F34-D58DE9D052B4}.Debug|x86.Build.0 = Debug|Win32
		{30834C6A-B8DE-4CFF-9F34-D58DE9D052B4}.Release|Any CPU.ActiveCfg = Release|Win32
		{30834C6A-B8DE-4CFF-9F34-D58DE9D052B4}.Release|x64.ActiveCfg = Release|x64
		{30834C6A-B8DE-4CFF-9F34-D58DE9D052B4}.Release|x64.Build.0 = Release|x64
		{30834C6A-B8DE-4CFF-9F34-D58DE9D052B4}.Release|x86.ActiveCfg = Release|Win32
		{30834C6A-B8DE-4CFF-9F34-D58DE9D052B4}.Release|x86.Build.0 = Release|Win32
		{472EDB24-37D0-4390-8F10-7371EEBCF87E}.Debug|Any CPU.ActiveCfg = Debug|Win32
		{472EDB24-37D0-4390-8F10-7371EEBCF87E}.Debug|x64.ActiveCfg = Debug|x64
		{472EDB24-37D0-4390-8F10-7371EEBCF87E}.Debug|x64.Build.0 = Debug|x64
		{472EDB24-37D0-4390-8F10-7371EEBCF87E}.Debug|x86.ActiveCfg = Debug|Win32
		{472EDB24-37D0-4390-8F10-7371EEBCF87E}.Debug|x86.Build.0 = Debug|Win32
		{472EDB24-37D0-4390-8F10-7371EEBCF87E}.Release|Any CPU.ActiveCfg = Release|Win32
		{472EDB24-37D0-4390-8F10-7371EEBCF87E}.Release|x64.ActiveCfg = Release|x64
		{472EDB24-37D0-4390-8F10-7371EEBCF87E}.Release|x64.Build.0 = Release|x64
		{472EDB24-37D0-4390-8F10-7371EEBCF87E}.Release|x86.ActiveCfg = Release|Win32
		{472EDB24-37D0-4390-8F10-7371EEBCF87E}.Release|x86.Build.0 = Release|Win32
		{A78B5E17-C795-4603-85F2-3893254AC93D}.Debug|Any CPU.ActiveCfg = Debug|Win32
		{A78B5E17-C795-4603-85F2-3893254AC93D}.Debug|x64.ActiveCfg = Debug|x64
		{A78B5E17-C795-4603-85F2-3893254AC93D}.Debug|x64.Build.0 = Debug|x64
		{A78B5E17-C795-4603-85F2-3893254AC93D}.Debug|x86.ActiveCfg = Debug|Win32
		{A78B5E17-C795-4603-85F2-3893254AC93D}.Debug|x86.Build.0 = Debug|Win32
		{A78B5E17-C795-4603-85F2-3893254AC93D}.Release|Any CPU.ActiveCfg = Release|Win32
		{A78B5E17-C795-4603-85F2-3893254AC93D}.Release|x64.ActiveCfg = Release|x64
		{A78B5E17-C795-4603-85F2-3893254AC93D}.Release|x64.Build.0 = Release|x64
		{A78B5E17-C795-4603-85F2-3893254AC93D}.Release|x86.ActiveCfg = Release|Win32
		{A78B5E17-C795-4603-85F2-3893254AC93D}.Release|x86.Build.0 = Release|Win32
		{786DDD2F-4E51-413A-A1D4-4EEABC402507}.Debug|Any CPU.ActiveCfg = Debug|Win32
		{786DDD2F-4E51-413A-A1D4-4EEABC402507}.Debug|x64.ActiveCfg = Debug|x64
		{786DDD2F-4E51-413A-A1D4-4EEABC402507}.Debug|x64.Build.0 = Debug|x64
		{786DDD2F-4E51-413A-A1D4-4EEABC402507}.Debug|x86.ActiveCfg = Debug|Win32
		{786DDD2F-4E51-413A-A1D4-4EEABC402507}.Debug|x86.Build.0 = Debug|Win32
		{786DDD2F-4E51-413A-A1D4-4EEABC402507}.Release|Any CPU.ActiveCfg = Release|Win32
		{786DDD2F-4E51-413A-A1D4-4EEABC402507}.Release|x64.ActiveCfg = Release|x64
		{786DDD2F-4E51-413A-A1D4-4EEABC402507}.Release|x64.Build.0 = Release|x64
		{786DDD2F-4E51-413A-A1D4-4EEABC402507}.Release|x86.ActiveCfg = Release|Win32
		{786DDD2F-4E51-413A-A1D4-4EEABC402507}.Release|x86.Build.0 = Release|Win32
		{57273117-E85F-452B-BB0B-2B0F542A2180}.Debug|Any CPU.ActiveCfg = Debug|Win32
		{57273117-E85F-452B-BB0B-2B0F542A2180}.Debug|x64.ActiveCfg = Debug|x64
		{57273117-E85F-452B-BB0B-2B0F542A2180}.Debug|x64.Build.0 = Debug|x64
		{57273117-E85F-452B-BB0B-2B0F542A2180}.Debug|x86.ActiveCfg = Debug|Win32
		{57273117-E85F-452B-BB0B-2B0F542A2180}.Debug|x86.Build.0 = Debug|Win32
		{57273117-E85F-452B-BB0B-2B0F542A2180}.Release|Any CPU.ActiveCfg = Release|Win32
		{57273117-E85F-452B-BB0B-2B0F542A2180}.Release|x64.ActiveCfg = Release|x64
		{57273117-E85F-452B-BB0B-2B0F542A2180}.Release|x64.Build.0 = Release|x64
		{57273117-E85F-452B-BB0B-2B0F542A2180}.Release|x86.ActiveCfg = Release|Win32
		{57273117-E85F-452B-BB0B-2B0F542A2180}.Release|x86.Build.0 = Release|Win32
		{58522CAC-4C56-4247-B250-F91016A9D3A6}.Debug|Any CPU.ActiveCfg = Debug|Win32
		{58522CAC-4C56-4247-B250-F91016A9D3A6}.Debug|x64.ActiveCfg = Debug|x64
		{58522CAC-4C56-4247-B250-F91016A9D3A6}.Debug|x64.Build.0 = Debug|x64
		{58522CAC-4C56-4247-B250-F91016A9D3A6}.Debug|x86.ActiveCfg = Debug|Win32
		{58522CAC-4C56-4247-B250-F91016A9D3A6}.Debug|x86.Build.0 = Debug|Win32
		{58522CAC-4C56-4247-B250-F91016A9D3A6}.Release|Any CPU.ActiveCfg = Release|Win32
		{58522CAC-4C56-4247-B250-F91016A9D3A6}.Release|x64.ActiveCfg = Release|x64
		{58522CAC-4C56-4247-B250-F91016A9D3A6}.Release|x64.Build.0 = Release|x64
		{58522CAC-4C56-4247-B250-F91016A9D3A6}.Release|x86.ActiveCfg = Release|Win32
		{58522CAC-4C56-4247-B250-F91016A9D3A6}.Release|x86.Build.0 = Release|Win32
		{07413776-AE88-49CA-99E1-BCA808C73AC1}.Debug|Any CPU.ActiveCfg = Debug|Win32
		{07413776-AE88-49CA-99E1-BCA808C73AC1}.Debug|x64.ActiveCfg = Debug|x64
		{07413776-AE88-49CA-99E1-BCA808C73AC1}.Debug|x64.Build.0 = Debug|x64
		{07413776-AE88-49CA-99E1-BCA808C73AC1}.Debug|x86.ActiveCfg = Debug|Win32
		{07413776-AE88-49CA-99E1-BCA808C73AC1}.Debug|x86.Build.0 = Debug|Win32
		{07413776-AE88-49CA-99E1-BCA808C73AC1}.Release|Any CPU.ActiveCfg = Release|Win32
		{07413776-AE88-49CA-99E1-BCA808C73AC1}.Release|x64.ActiveCfg = Release|x64
		{07413776-AE88-49CA-99E1-BCA808C73AC1}.Release|x64.Build.0 = Release|x64
		{07413776-AE88-49CA-99E1-BCA808C73AC1}.Release|x86.ActiveCfg = Release|Win32
		{07413776-AE88-49CA-99E1-BCA808C73AC1}.Release|x86.Build.0 = Release|Win32
		{7EB8EFBF-6FAA-43C5-ADCC-E0A158431DD4}.Debug|Any CPU.ActiveCfg = Debug|Win32
		{7EB8EFBF-6FAA-43C5-ADCC-E0A158431DD4}.Debug|x64.ActiveCfg = Debug|x64
		{7EB8EFBF-6FAA-43C5-ADCC-E0A158431DD4}.Debug|x64.Build.0 = Debug|x64
		{7EB8EFBF-6FAA-43C5-ADCC-E0A158431DD4}.Debug|x86.ActiveCfg = Debug|Win32
		{7EB8EFBF-6FAA-43C5-ADCC-E0A158431DD4}.Debug|x86.Build.0 = Debug|Win32
		{7EB8EFBF-6FAA-43C5-ADCC-E0A158431DD4}.Release|Any CPU.ActiveCfg = Release|Win32
		{7EB8EFBF-6FAA-43C5-ADCC-E0A158431DD4}.Release|x64.ActiveCfg = Release|x64
		{7EB8EFBF-6FAA-43C5-ADCC-E0A158431DD4}.Release|x64.Build.0 = Release|x64
		{7EB8EFBF-6FAA-43C5-ADCC-E0A158431DD4}.Release|x86.ActiveCfg = Release|Win32
		{7EB8EFBF-6FAA-43C5-ADCC-E0A158431DD4}.Release|x86.Build.0 = Release|Win32
		{AD49A984-C2BF-42CC-B63F-F8CED38EE37E}.Debug|Any CPU.ActiveCfg = Debug|Win32
		{AD49A984-C2BF-42CC-B63F-F8CED38EE37E}.Debug|x64.ActiveCfg = Debug|x64
		{AD49A984-C2BF-42CC-B63F-F8CED38EE37E}.Debug|x64.Build.0 = Debug|x64
		{AD49A984-C2BF-42CC-B63F-F8CED38EE37E}.Debug|x86.ActiveCfg = Debug|Win32
		{AD49A984-C2BF-42CC-B63F-F8CED38EE37E}.Debug|x86.Build.0 = Debug|Win32
		{AD49A984-C2BF-42CC-B63F-F8CED38EE37E}.Release|Any CPU.ActiveCfg = Release|Win32
		{AD49A984-C2BF-42CC-B63F-F8CED38EE37E}.Release|x64.ActiveCfg = Release|x64
		{AD49A984-C2BF-42CC-B63F-F8CED38EE37E}.Release|x64.Build.0 = Release|x64
		{AD49A984-C2BF-42CC-B63F-F8CED38EE37E}.Release|x86.ActiveCfg = Release|Win32
		{AD49A984-C2BF-42CC-B63F-F8CED38EE37E}.Release|x86.Build.0 = Release|Win32
		{224220AF-0317-48E0-892E-FCD6881E30CC}.Debug|Any CPU.ActiveCfg = Debug|Win32
		{224220AF-0317-48E0-892E-FCD6881E30CC}.Debug|x64.ActiveCfg = Debug|x64
		{224220AF-0317-48E0-892E-FCD6881E30CC}.Debug|x64.Build.0 = Debug|x64
		{224220AF-0317-48E0-892E-FCD6881E30CC}.Debug|x86.ActiveCfg = Debug|Win32
		{224220AF-0317-48E0-892E-FCD6881E30CC}.Debug|x86.Build.0 = Debug|Win32
		{224220AF-0317-48E0-892E-FCD6881E30CC}.Release|Any CPU.ActiveCfg = Release|Win32
		{224220AF-0317-48E0-892E-FCD6881E30CC}.Release|x64.ActiveCfg = Release|x64
		{224220AF-0317-48E0-892E-FCD6881E30CC}.Release|x64.Build.0 = Release|x64
		{224220AF-0317-48E0-892E-FCD6881E30CC}.Release|x86.ActiveCfg = Release|Win32
		{224220AF-0317-48E0-892E-FCD6881E30CC}.Release|x86.Build.0 = Release|Win32
		{547C9615-EB29-428B-AE97-D44B0BD98649}.Debug|Any CPU.ActiveCfg = Debug|Win32
		{547C9615-EB29-428B-AE97-D44B0BD98649}.Debug|x64.ActiveCfg = Debug|x64
		{547C9615-EB29-428B-AE97-D44B0BD98649}.Debug|x64.Build.0 = Debug|x64
		{547C9615-EB29-428B-AE97-D44B0BD98649}.Debug|x86.ActiveCfg = Debug|Win32
		{547C9615-EB29-428B-AE97-D44B0BD98649}.Debug|x86.Build.0 = Debug|Win32
		{547C9615-EB29-428B-AE97-D44B0BD98649}.Release|Any CPU.ActiveCfg = Release|Win32
		{547C9615-EB29-428B-AE97-D44B0BD98649}.Release|x64.ActiveCfg = Release|x64
		{547C9615-EB29-428B-AE97-D44B0BD98649}.Release|x64.Build.0 = Release|x64
		{547C9615-EB29-428B-AE97-D44B0BD98649}.Release|x86.ActiveCfg = Release|Win32
		{547C9615-EB29-428B-AE97-D44B0BD98649}.Release|x86.Build.0 = Release|Win32
		{922AB527-98AE-4BC7-B1D4-2B8B28C524EF}.Debug|Any CPU.ActiveCfg = Debug|Win32
		{922AB527-98AE-4BC7-B1D4-2B8B28C524EF}.Debug|x64.ActiveCfg = Debug|x64
		{922AB527-98AE-4BC7-B1D4-2B8B28C524EF}.Debug|x64.Build.0 = Debug|x64
		{922AB527-98AE-4BC7-B1D4-2B8B28C524EF}.Debug|x86.ActiveCfg = Debug|Win32
		{922AB527-98AE-4BC7-B1D4-2B8B28C524EF}.Debug|x86.Build.0 = Debug|Win32
		{922AB527-98AE-4BC7-B1D4-2B8B28C524EF}.Release|Any CPU.ActiveCfg = Release|Win32
		{922AB527-98AE-4BC7-B1D4-2B8B28C524EF}.Release|x64.ActiveCfg = Release|x64
		{922AB527-98AE-4BC7-B1D4-2B8B28C524EF}.Release|x64.Build.0 = Release|x64
		{922AB527-98AE-4BC7-B1D4-2B8B28C524EF}.Release|x86.ActiveCfg = Release|Win32
		{922AB527-98AE-4BC7-B1D4-2B8B28C524EF}.Release|x86.Build.0 = Release|Win32
		{04D3F62C-92C2-4E12-A71F-0BC566F48CF9}.Debug|Any CPU.ActiveCfg = Debug|Win32
		{04D3F62C-92C2-4E12-A71F-0BC566F48CF9}.Debug|x64.ActiveCfg = Debug|x64
		{04D3F62C-92C2-4E12-A71F-0BC566F48CF9}.Debug|x64.Build.0 = Debug|x64
		{04D3F62C-92C2-4E12-A71F-0BC566F48CF9}.Debug|x86.ActiveCfg = Debug|Win32
		{04D3F62C-92C2-4E12-A71F-0BC566F48CF9}.Debug|x86.Build.0 = Debug|Win32
		{04D3F62C-92C2-4E12-A71F-0BC566F48CF9}.Release|Any CPU.ActiveCfg = Release|Win32
		{04D3F62C-92C2-4E12-A71F-0BC566F48CF9}.Release|x64.ActiveCfg = Release|x64
		{04D3F62C-92C2-4E12-A71F-0BC566F48CF9}.Release|x64.Build.0 = Release|x64
		{04D3F62C-92C2-4E12-A71F-0BC566F48CF9}.Release|x86.ActiveCfg = Release|Win32
		{04D3F62C-92C2-4E12-A71F-0BC566F48CF9}.Release|x86.Build.0 = Release|Win32
		{127BFF00-3254-4A03-86DE-E88462DF4F32}.Debug|Any CPU.ActiveCfg = Debug|Win32
		{127BFF00-3254-4A03-86DE-E88462DF4F32}.Debug|x64.ActiveCfg = Debug|x64
		{127BFF00-3254-4A03-86DE-E88462DF4F32}.Debug|x64.Build.0 = Debug|x64
		{127BFF00-3254-4A03-86DE-E88462DF4F32}.Debug|x86.ActiveCfg = Debug|Win32
		{127BFF00-3254-4A03-86DE-E88462DF4F32}.Debug|x86.Build.0 = Debug|Win32
		{127BFF00-3254-4A03-86DE-E88462DF4F32}.Release|Any CPU.ActiveCfg = Release|Win32
		{127BFF00-3254-4A03-86DE-E88462DF4F32}.Release|x64.ActiveCfg = Release|x64
		{127BFF00-3254-4A03-86DE-E88462DF4F32}.Release|x64.Build.0 = Release|x64
		{127BFF00-3254-4A03-86DE-E88462DF4F32}.Release|x86.ActiveCfg = Release|Win32
		{127BFF00-3254-4A03-86DE-E88462DF4F32}.Release|x86.Build.0 = Release|Win32
		{2CFEAB8F-96EB-4E22-B320-B74A2C63FF80}.Debug|Any CPU.ActiveCfg = Debug|Win32
		{2CFEAB8F-96EB-4E22-B320-B74A2C63FF80}.Debug|x64.ActiveCfg = Debug|x64
		{2CFEAB8F-96EB-4E22-B320-B74A2C63FF80}.Debug|x64.Build.0 = Debug|x64
		{2CFEAB8F-96EB-4E22-B320-B74A2C63FF80}.Debug|x86.ActiveCfg = Debug|Win32
		{2CFEAB8F-96EB-4E22-B320-B74A2C63FF80}.Debug|x86.Build.0 = Debug|Win32
		{2CFEAB8F-96EB-4E22-B320-B74A2C63FF80}.Release|Any CPU.ActiveCfg = Release|Win32
		{2CFEAB8F-96EB-4E22-B320-B74A2C63FF80}.Release|x64.ActiveCfg = Release|x64
		{2CFEAB8F-96EB-4E22-B320-B74A2C63FF80}.Release|x64.Build.0 = Release|x64
		{2CFEAB8F-96EB-4E22-B320-B74A2C63FF80}.Release|x86.ActiveCfg = Release|Win32
		{2CFEAB8F-96EB-4E22-B320-B74A2C63FF80}.Release|x86.Build.0 = Release|Win32
		{370D8ADC-A6C8-4483-8113-38E43917DB36}.Debug|Any CPU.ActiveCfg = Debug|Win32
		{370D8ADC-A6C8-4483-8113-38E43917DB36}.Debug|x64.ActiveCfg = Debug|x64
		{370D8ADC-A6C8-4483-8113-38E43917DB36}.Debug|x64.Build.0 = Debug|x64
		{370D8ADC-A6C8-4483-8113-38E43917DB36}.Debug|x86.ActiveCfg = Debug|Win32
		{370D8ADC-A6C8-4483-8113-38E43917DB36}.Debug|x86.Build.0 = Debug|Win32
		{370D8ADC-A6C8-4483-8113-38E43917DB36}.Release|Any CPU.ActiveCfg = Release|Win32
		{370D8ADC-A6C8-4483-8113-38E43917DB36}.Release|x64.ActiveCfg = Release|x64
		{370D8ADC-A6C8-4483-8113-38E43917DB36}.Release|x64.Build.0 = Release|x64
		{370D8ADC-A6C8-4483-8113-38E43917DB36}.Release|x86.ActiveCfg = Release|Win32
		{370D8ADC-A6C8-4483-8113-38E43917DB36}.Release|x86.Build.0 = Release|Win32
		{213E35CD-10F4-4FAD-B009-BD35B200D1CA}.Debug|Any CPU.ActiveCfg = Debug|Win32
		{213E35CD-10F4-4FAD-B009-BD35B200D1CA}.Debug|x64.ActiveCfg = Debug|x64
		{213E35CD-10F4-4FAD-B009-BD35B200D1CA}.Debug|x64.Build.0 = Debug|x64
		{213E35CD-10F4-4FAD-B009-BD35B200D1CA}.Debug|x86.ActiveCfg = Debug|Win32
		{213E35CD-10F4-4FAD-B009-BD35B200D1CA}.Debug|x86.Build.0 = Debug|Win32
		{213E35CD-10F4-4FAD-B009-BD35B200D1CA}.Release|Any CPU.ActiveCfg = Release|Win32
		{213E35CD-10F4-4FAD-B009-BD35B200D1CA}.Release|x64.ActiveCfg = Release|x64
		{213E35CD-10F4-4FAD-B009-BD35B200D1CA}.Release|x64.Build.0 = Release|x64
		{213E35CD-10F4-4FAD-B009-BD35B200D1CA}.Release|x86.ActiveCfg = Release|Win32
		{213E35CD-10F4-4FAD-B009-BD35B200D1CA}.Release|x86.Build.0 = Release|Win32
		{23929266-6125-44B1-A1E0-85130E546404}.Debug|Any CPU.ActiveCfg = Debug|Win32
		{23929266-6125-44B1-A1E0-85130E546404}.Debug|x64.ActiveCfg = Debug|x64
		{23929266-6125-44B1-A1E0-85130E546404}.Debug|x64.Build.0 = Debug|x64
		{23929266-6125-44B1-A1E0-85130E546404}.Debug|x86.ActiveCfg = Debug|Win32
		{23929266-6125-44B1-A1E0-85130E546404}.Debug|x86.Build.0 = Debug|Win32
		{23929266-6125-44B1-A1E0-85130E546404}.Release|Any CPU.ActiveCfg = Release|Win32
		{23929266-6125-44B1-A1E0-85130E546404}.Release|x64.ActiveCfg = Release|x64
		{23929266-6125-44B1-A1E0-85130E546404}.Release|x64.Build.0 = Release|x64
		{23929266-6125-44B1-A1E0-85130E546404}.Release|x86.ActiveCfg = Release|Win32
		{23929266-6125-44B1-A1E0-85130E546404}.Release|x86.Build.0 = Release|Win32
		{62DC7F7D-D08E-4910-9377-9BDB30F1B5E1}.Debug|Any CPU.ActiveCfg = Debug|Win32
		{62DC7F7D-D08E-4910-9377-9BDB30F1B5E1}.Debug|x64.ActiveCfg = Debug|x64
		{62DC7F7D-D08E-4910-9377-9BDB30F1B5E1}.Debug|x64.Build.0 = Debug|x64
		{62DC7F7D-D08E-4910-9377-9BDB30F1B5E1}.Debug|x86.ActiveCfg = Debug|Win32
		{62DC7F7D-D08E-4910-9377-9BDB30F1B5E1}.Debug|x86.Build.0 = Debug|Win32
		{62DC7F7D-D08E-4910-9377-9BDB30F1B5E1}.Release|Any CPU.ActiveCfg = Release|Win32
		{62DC7F7D-D08E-4910-9377-9BDB30F1B5E1}.Release|x64.ActiveCfg = Release|x64
		{62DC7F7D-D08E-4910-9377-9BDB30F1B5E1}.Release|x64.Build.0 = Release|x64
		{62DC7F7D-D08E-4910-9377-9BDB30F1B5E1}.Release|x86.ActiveCfg = Release|Win32
		{62DC7F7D-D08E-4910-9377-9BDB30F1B5E1}.Release|x86.Build.0 = Release|Win32
		{2B3BEE63-0BD0-4853-91FB-C4995CA2F53D}.Debug|Any CPU.ActiveCfg = Debug|Win32
		{2B3BEE63-0BD0-4853-91FB-C4995CA2F53D}.Debug|x64.ActiveCfg = Debug|x64
		{2B3BEE63-0BD0-4853-91FB-C4995CA2F53D}.Debug|x64.Build.0 = Debug|x64
		{2B3BEE63-0BD0-4853-91FB-C4995CA2F53D}.Debug|x86.ActiveCfg = Debug|Win32
		{2B3BEE63-0BD0-4853-91FB-C4995CA2F53D}.Debug|x86.Build.0 = Debug|Win32
		{2B3BEE63-0BD0-4853-91FB-C4995CA2F53D}.Release|Any CPU.ActiveCfg = Release|Win32
		{2B3BEE63-0BD0-4853-91FB-C4995CA2F53D}.Release|x64.ActiveCfg = Release|x64
		{2B3BEE63-0BD0-4853-91FB-C4995CA2F53D}.Release|x64.Build.0 = Release|x64
		{2B3BEE63-0BD0-4853-91FB-C4995CA2F53D}.Release|x86.ActiveCfg = Release|Win32
		{2B3BEE63-0BD0-4853-91FB-C4995CA2F53D}.Release|x86.Build.0 = Release|Win32
		{BB53EEA2-FF8D-4EC8-A681-C713185234E2}.Debug|Any CPU.ActiveCfg = Debug|Win32
		{BB53EEA2-FF8D-4EC8-A681-C713185234E2}.Debug|x64.ActiveCfg = Debug|x64
		{BB53EEA2-FF8D-4EC8-A681-C713185234E2}.Debug|x64.Build.0 = Debug|x64
		{BB53EEA2-FF8D-4EC8-A681-C713185234E2}.Debug|x86.ActiveCfg = Debug|Win32
		{BB53EEA2-FF8D-4EC8-A681-C713185234E2}.Debug|x86.Build.0 = Debug|Win32
		{BB53EEA2-FF8D-4EC8-A681-C713185234E2}.Release|Any CPU.ActiveCfg = Release|Win32
		{BB53EEA2-FF8D-4EC8-A681-C713185234E2}.Release|x64.ActiveCfg = Release|x64
		{BB53EEA2-FF8D-4EC8-A681-C713185234E2}.Release|x64.Build.0 = Release|x64
		{BB53EEA2-FF8D-4EC8-A681-C713185234E2}.Release|x86.ActiveCfg = Release|Win32
		{BB53EEA2-FF8D-4EC8-A681-C713185234E2}.Release|x86.Build.0 = Release|Win32
		{040EEE96-72BE-449C-AC0E-9EFCD4AEB5CA}.Debug|Any CPU.ActiveCfg = Debug|Win32
		{040EEE96-72BE-449C-AC0E-9EFCD4AEB5CA}.Debug|x64.ActiveCfg = Debug|x64
		{040EEE96-72BE-449C-AC0E-9EFCD4AEB5CA}.Debug|x64.Build.0 = Debug|x64
		{040EEE96-72BE-449C-AC0E-9EFCD4AEB5CA}.Debug|x86.ActiveCfg = Debug|Win32
		{040EEE96-72BE-449C-AC0E-9EFCD4AEB5CA}.Debug|x86.Build.0 = Debug|Win32
		{040EEE96-72BE-449C-AC0E-9EFCD4AEB5CA}.Release|Any CPU.ActiveCfg = Release|Win32
		{040EEE96-72BE-449C-AC0E-9EFCD4AEB5CA}.Release|x64.ActiveCfg = Release|x64
		{040EEE96-72BE-449C-AC0E-9EFCD4AEB5CA}.Release|x64.Build.0 = Release|x64
		{040EEE96-72BE-449C-AC0E-9EFCD4AEB5CA}.Release|x86.ActiveCfg = Release|Win32
		{040EEE96-72BE-449C-AC0E-9EFCD4AEB5CA}.Release|x86.Build.0 = Release|Win32
		{B0AAE32D-165D-43DF-9FAC-B83A7F586217}.Debug|Any CPU.ActiveCfg = Debug|Win32
		{B0AAE32D-165D-43DF-9FAC-B83A7F586217}.Debug|x64.ActiveCfg = Debug|x64
		{B0AAE32D-165D-43DF-9FAC-B83A7F586217}.Debug|x64.Build.0 = Debug|x64
		{B0AAE32D-165D-43DF-9FAC-B83A7F586217}.Debug|x86.ActiveCfg = Debug|Win32
		{B0AAE32D-165D-43DF-9FAC-B83A7F586217}.Debug|x86.Build.0 = Debug|Win32
		{B0AAE32D-165D-43DF-9FAC-B83A7F586217}.Release|Any CPU.ActiveCfg = Release|Win32
		{B0AAE32D-165D-43DF-9FAC-B83A7F586217}.Release|x64.ActiveCfg = Release|x64
		{B0AAE32D-165D-43DF-9FAC-B83A7F586217}.Release|x64.Build.0 = Release|x64
		{B0AAE32D-165D-43DF-9FAC-B83A7F586217}.Release|x86.ActiveCfg = Release|Win32
		{B0AAE32D-165D-43DF-9FAC-B83A7F586217}.Release|x86.Build.0 = Release|Win32
		{ABDBF65E-183D-4C2C-BBE6-ED992D693FAC}.Debug|Any CPU.ActiveCfg = Debug|Win32
		{ABDBF65E-183D-4C2C-BBE6-ED992D693FAC}.Debug|x64.ActiveCfg = Debug|x64
		{ABDBF65E-183D-4C2C-BBE6-ED992D693FAC}.Debug|x64.Build.0 = Debug|x64
		{ABDBF65E-183D-4C2C-BBE6-ED992D693FAC}.Debug|x86.ActiveCfg = Debug|Win32
		{ABDBF65E-183D-4C2C-BBE6-ED992D693FAC}.Debug|x86.Build.0 = Debug|Win32
		{ABDBF65E-183D-4C2C-BBE6-ED992D693FAC}.Release|Any CPU.ActiveCfg = Release|Win32
		{ABDBF65E-183D-4C2C-BBE6-ED992D693FAC}.Release|x64.ActiveCfg = Release|x64
		{ABDBF65E-183D-4C2C-BBE6-ED992D693FAC}.Release|x64.Build.0 = Release|x64
		{ABDBF65E-183D-4C2C-BBE6-ED992D693FAC}.Release|x86.ActiveCfg = Release|Win32
		{ABDBF65E-183D-4C2C-BBE6-ED992D693FAC}.Release|x86.Build.0 = Release|Win32
		{12D4F9C0-CDBF-41A7-BA8B-44CB5054A19D}.Debug|Any CPU.ActiveCfg = Debug|Win32
		{12D4F9C0-CDBF-41A7-BA8B-44CB5054A19D}.Debug|x64.ActiveCfg = Debug|x64
		{12D4F9C0-CDBF-41A7-BA8B-44CB5054A19D}.Debug|x64.Build.0 = Debug|x64
		{12D4F9C0-CDBF-41A7-BA8B-44CB5054A19D}.Debug|x86.ActiveCfg = Debug|Win32
		{12D4F9C0-CDBF-41A7-BA8B-44CB5054A19D}.Debug|x86.Build.0 = Debug|Win32
		{12D4F9C0-CDBF-41A7-BA8B-44CB5054A19D}.Release|Any CPU.ActiveCfg = Release|Win32
		{12D4F9C0-CDBF-41A7-BA8B-44CB5054A19D}.Release|x64.ActiveCfg = Release|x64
		{12D4F9C0-CDBF-41A7-BA8B-44CB5054A19D}.Release|x64.Build.0 = Release|x64
		{12D4F9C0-CDBF-41A7-BA8B-44CB5054A19D}.Release|x86.ActiveCfg = Release|Win32
		{12D4F9C0-CDBF-41A7-BA8B-44CB5054A19D}.Release|x86.Build.0 = Release|Win32
		{A08C4E7D-644B-499F-8916-968F76DBFFB9}.Debug|Any CPU.ActiveCfg = Debug|Win32
		{A08C4E7D-644B-499F-8916-968F76DBFFB9}.Debug|x64.ActiveCfg = Debug|x64
		{A08C4E7D-644B-499F-8916-968F76DBFFB9}.Debug|x64.Build.0 = Debug|x64
		{A08C4E7D-644B-499F-8916-968F76DBFFB9}.Debug|x86.ActiveCfg = Debug|Win32
		{A08C4E7D-644B-499F-8916-968F76DBFFB9}.Debug|x86.Build.0 = Debug|Win32
		{A08C4E7D-644B-499F-8916-968F76DBFFB9}.Release|Any CPU.ActiveCfg = Release|Win32
		{A08C4E7D-644B-499F-8916-968F76DBFFB9}.Release|x64.ActiveCfg = Release|x64
		{A08C4E7D-644B-499F-8916-968F76DBFFB9}.Release|x64.Build.0 = Release|x64
		{A08C4E7D-644B-499F-8916-968F76DBFFB9}.Release|x86.ActiveCfg = Release|Win32
		{A08C4E7D-644B-499F-8916-968F76DBFFB9}.Release|x86.Build.0 = Release|Win32
		{91D7B179-47E8-4B59-8D2A-784589BB254A}.Debug|Any CPU.ActiveCfg = Debug|Win32
		{91D7B179-47E8-4B59-8D2A-784589BB254A}.Debug|x64.ActiveCfg = Debug|x64
		{91D7B179-47E8-4B59-8D2A-784589BB254A}.Debug|x64.Build.0 = Debug|x64
		{91D7B179-47E8-4B59-8D2A-784589BB254A}.Debug|x86.ActiveCfg = Debug|Win32
		{91D7B179-47E8-4B59-8D2A-784589BB254A}.Debug|x86.Build.0 = Debug|Win32
		{91D7B179-47E8-4B59-8D2A-784589BB254A}.Release|Any CPU.ActiveCfg = Release|Win32
		{91D7B179-47E8-4B59-8D2A-784589BB254A}.Release|x64.ActiveCfg = Release|x64
		{91D7B179-47E8-4B59-8D2A-784589BB254A}.Release|x64.Build.0 = Release|x64
		{91D7B179-47E8-4B59-8D2A-784589BB254A}.Release|x86.ActiveCfg = Release|Win32
		{91D7B179-47E8-4B59-8D2A-784589BB254A}.Release|x86.Build.0 = Release|Win32
		{738F919D-9A5B-47CB-9356-7253AB5F1BB3}.Debug|Any CPU.ActiveCfg = Debug|Win32
		{738F919D-9A5B-47CB-9356-7253AB5F1BB3}.Debug|x64.ActiveCfg = Debug|x64
		{738F919D-9A5B-47CB-9356-7253AB5F1BB3}.Debug|x64.Build.0 = Debug|x64
		{738F919D-9A5B-47CB-9356-7253AB5F1BB3}.Debug|x86.ActiveCfg = Debug|Win32
		{738F919D-9A5B-47CB-9356-7253AB5F1BB3}.Debug|x86.Build.0 = Debug|Win32
		{738F919D-9A5B-47CB-9356-7253AB5F1BB3}.Release|Any CPU.ActiveCfg = Release|Win32
		{738F919D-9A5B-47CB-9356-7253AB5F1BB3}.Release|x64.ActiveCfg = Release|x64
		{738F919D-9A5B-47CB-9356-7253AB5F1BB3}.Release|x64.Build.0 = Release|x64
		{738F919D-9A5B-47CB-9356-7253AB5F1BB3}.Release|x86.ActiveCfg = Release|Win32
		{738F919D-9A5B-47CB-9356-7253AB5F1BB3}.Release|x86.Build.0 = Release|Win32
		{83225176-8D71-48AB-AA38-43653AF2CD6A}.Debug|Any CPU.ActiveCfg = Debug|Win32
		{83225176-8D71-48AB-AA38-43653AF2CD6A}.Debug|x64.ActiveCfg = Debug|x64
		{83225176-8D71-48AB-AA38-43653AF2CD6A}.Debug|x64.Build.0 = Debug|x64
		{83225176-8D71-48AB-AA38-43653AF2CD6A}.Debug|x86.ActiveCfg = Debug|Win32
		{83225176-8D71-48AB-AA38-43653AF2CD6A}.Debug|x86.Build.0 = Debug|Win32
		{83225176-8D71-48AB-AA38-43653AF2CD6A}.Release|Any CPU.ActiveCfg = Release|Win32
		{83225176-8D71-48AB-AA38-43653AF2CD6A}.Release|x64.ActiveCfg = Release|x64
		{83225176-8D71-48AB-AA38-43653AF2CD6A}.Release|x64.Build.0 = Release|x64
		{83225176-8D71-48AB-AA38-43653AF2CD6A}.Release|x86.ActiveCfg = Release|Win32
		{83225176-8D71-48AB-AA38-43653AF2CD6A}.Release|x86.Build.0 = Release|Win32
		{2A892187-D564-4D2C-863C-66474348E2F0}.Debug|Any CPU.ActiveCfg = Debug|Win32
		{2A892187-D564-4D2C-863C-66474348E2F0}.Debug|x64.ActiveCfg = Debug|x64
		{2A892187-D564-4D2C-863C-66474348E2F0}.Debug|x64.Build.0 = Debug|x64
		{2A892187-D564-4D2C-863C-66474348E2F0}.Debug|x86.ActiveCfg = Debug|Win32
		{2A892187-D564-4D2C-863C-66474348E2F0}.Debug|x86.Build.0 = Debug|Win32
		{2A892187-D564-4D2C-863C-66474348E2F0}.Release|Any CPU.ActiveCfg = Release|Win32
		{2A892187-D564-4D2C-863C-66474348E2F0}.Release|x64.ActiveCfg = Release|x64
		{2A892187-D564-4D2C-863C-66474348E2F0}.Release|x64.Build.0 = Release|x64
		{2A892187-D564-4D2C-863C-66474348E2F0}.Release|x86.ActiveCfg = Release|Win32
		{2A892187-D564-4D2C-863C-66474348E2F0}.Release|x86.Build.0 = Release|Win32
		{8782FE13-A9EA-4463-8CCB-832193E94509}.Debug|Any CPU.ActiveCfg = Debug|Win32
		{8782FE13-A9EA-4463-8CCB-832193E94509}.Debug|x64.ActiveCfg = Debug|x64
		{8782FE13-A9EA-4463-8CCB-832193E94509}.Debug|x64.Build.0 = Debug|x64
		{8782FE13-A9EA-4463-8CCB-832193E94509}.Debug|x86.ActiveCfg = Debug|Win32
		{8782FE13-A9EA-4463-8CCB-832193E94509}.Debug|x86.Build.0 = Debug|Win32
		{8782FE13-A9EA-4463-8CCB-832193E94509}.Release|Any CPU.ActiveCfg = Release|Win32
		{8782FE13-A9EA-4463-8CCB-832193E94509}.Release|x64.ActiveCfg = Release|x64
		{8782FE13-A9EA-4463-8CCB-832193E94509}.Release|x64.Build.0 = Release|x64
		{8782FE13-A9EA-4463-8CCB-832193E94509}.Release|x86.ActiveCfg = Release|Win32
		{8782FE13-A9EA-4463-8CCB-832193E94509}.Release|x86.Build.0 = Release|Win32
		{7ED7CCEB-1E67-49F3-9E84-B70B40189447}.Debug|Any CPU.ActiveCfg = Debug|Win32
		{7ED7CCEB-1E67-49F3-9E84-B70B40189447}.Debug|x64.ActiveCfg = Debug|x64
		{7ED7CCEB-1E67-49F3-9E84-B70B40189447}.Debug|x64.Build.0 = Debug|x64
		{7ED7CCEB-1E67-49F3-9E84-B70B40189447}.Debug|x86.ActiveCfg = Debug|Win32
		{7ED7CCEB-1E67-49F3-9E84-B70B40189447}.Debug|x86.Build.0 = Debug|Win32
		{7ED7CCEB-1E67-49F3-9E84-B70B40189447}.Release|Any CPU.ActiveCfg = Release|Win32
		{7ED7CCEB-1E67-49F3-9E84-B70B40189447}.Release|x64.ActiveCfg = Release|x64
		{7ED7CCEB-1E67-49F3-9E84-B70B40189447}.Release|x64.Build.0 = Release|x64
		{7ED7CCEB-1E67-49F3-9E84-B70B40189447}.Release|x86.ActiveCfg = Release|Win32
		{7ED7CCEB-1E67-49F3-9E84-B70B40189447}.Release|x86.Build.0 = Release|Win32
		{091106CA-BFBC-4321-B85D-DA07C4AFA042}.Debug|Any CPU.ActiveCfg = Debug|Win32
		{091106CA-BFBC-4321-B85D-DA07C4AFA042}.Debug|x64.ActiveCfg = Debug|x64
		{091106CA-BFBC-4321-B85D-DA07C4AFA042}.Debug|x64.Build.0 = Debug|x64
		{091106CA-BFBC-4321-B85D-DA07C4AFA042}.Debug|x86.ActiveCfg = Debug|Win32
		{091106CA-BFBC-4321-B85D-DA07C4AFA042}.Debug|x86.Build.0 = Debug|Win32
		{091106CA-BFBC-4321-B85D-DA07C4AFA042}.Release|Any CPU.ActiveCfg = Release|Win32
		{091106CA-BFBC-4321-B85D-DA07C4AFA042}.Release|x64.ActiveCfg = Release|x64
		{091106CA-BFBC-4321-B85D-DA07C4AFA042}.Release|x64.Build.0 = Release|x64
		{091106CA-BFBC-4321-B85D-DA07C4AFA042}.Release|x86.ActiveCfg = Release|Win32
		{091106CA-BFBC-4321-B85D-DA07C4AFA042}.Release|x86.Build.0 = Release|Win32
		{012E6B73-14F2-418F-A277-D0653E0AF513}.Debug|Any CPU.ActiveCfg = Debug|Win32
		{012E6B73-14F2-418F-A277-D0653E0AF513}.Debug|x64.ActiveCfg = Debug|x64
		{012E6B73-14F2-418F-A277-D0653E0AF513}.Debug|x64.Build.0 = Debug|x64
		{012E6B73-14F2-418F-A277-D0653E0AF513}.Debug|x86.ActiveCfg = Debug|Win32
		{012E6B73-14F2-418F-A277-D0653E0AF513}.Debug|x86.Build.0 = Debug|Win32
		{012E6B73-14F2-418F-A277-D0653E0AF513}.Release|Any CPU.ActiveCfg = Release|Win32
		{012E6B73-14F2-418F-A277-D0653E0AF513}.Release|x64.ActiveCfg = Release|x64
		{012E6B73-14F2-418F-A277-D0653E0AF513}.Release|x64.Build.0 = Release|x64
		{012E6B73-14F2-418F-A277-D0653E0AF513}.Release|x86.ActiveCfg = Release|Win32
		{012E6B73-14F2-418F-A277-D0653E0AF513}.Release|x86.Build.0 = Release|Win32
		{6F3654F4-AD25-4797-8C14-422AB06B0FD6}.Debug|Any CPU.ActiveCfg = Debug|Win32
		{6F3654F4-AD25-4797-8C14-422AB06B0FD6}.Debug|x64.ActiveCfg = Debug|x64
		{6F3654F4-AD25-4797-8C14-422AB06B0FD6}.Debug|x64.Build.0 = Debug|x64
		{6F3654F4-AD25-4797-8C14-422AB06B0FD6}.Debug|x86.ActiveCfg = Debug|Win32
		{6F3654F4-AD25-4797-8C14-422AB06B0FD6}.Debug|x86.Build.0 = Debug|Win32
		{6F3654F4-AD25-4797-8C14-422AB06B0FD6}.Release|Any CPU.ActiveCfg = Release|Win32
		{6F3654F4-AD25-4797-8C14-422AB06B0FD6}.Release|x64.ActiveCfg = Release|x64
		{6F3654F4-AD25-4797-8C14-422AB06B0FD6}.Release|x64.Build.0 = Release|x64
		{6F3654F4-AD25-4797-8C14-422AB06B0FD6}.Release|x86.ActiveCfg = Release|Win32
		{6F3654F4-AD25-4797-8C14-422AB06B0FD6}.Release|x86.Build.0 = Release|Win32
		{30B47B82-87D4-4D56-AD3C-D6FF701C07BC}.Debug|Any CPU.ActiveCfg = Debug|Win32
		{30B47B82-87D4-4D56-AD3C-D6FF701C07BC}.Debug|x64.ActiveCfg = Debug|x64
		{30B47B82-87D4-4D56-AD3C-D6FF701C07BC}.Debug|x64.Build.0 = Debug|x64
		{30B47B82-87D4-4D56-AD3C-D6FF701C07BC}.Debug|x86.ActiveCfg = Debug|Win32
		{30B47B82-87D4-4D56-AD3C-D6FF701C07BC}.Debug|x86.Build.0 = Debug|Win32
		{30B47B82-87D4-4D56-AD3C-D6FF701C07BC}.Release|Any CPU.ActiveCfg = Release|Win32
		{30B47B82-87D4-4D56-AD3C-D6FF701C07BC}.Release|x64.ActiveCfg = Release|x64
		{30B47B82-87D4-4D56-AD3C-D6FF701C07BC}.Release|x64.Build.0 = Release|x64
		{30B47B82-87D4-4D56-AD3C-D6FF701C07BC}.Release|x86.ActiveCfg = Release|Win32
		{30B47B82-87D4-4D56-AD3C-D6FF701C07BC}.Release|x86.Build.0 = Release|Win32
		{880C7E08-94E9-4615-83E0-DAEEFC8A903C}.Debug|Any CPU.ActiveCfg = Debug|Win32
		{880C7E08-94E9-4615-83E0-DAEEFC8A903C}.Debug|x64.ActiveCfg = Debug|x64
		{880C7E08-94E9-4615-83E0-DAEEFC8A903C}.Debug|x64.Build.0 = Debug|x64
		{880C7E08-94E9-4615-83E0-DAEEFC8A903C}.Debug|x86.ActiveCfg = Debug|Win32
		{880C7E08-94E9-4615-83E0-DAEEFC8A903C}.Debug|x86.Build.0 = Debug|Win32
		{880C7E08-94E9-4615-83E0-DAEEFC8A903C}.Release|Any CPU.ActiveCfg = Release|Win32
		{880C7E08-94E9-4615-83E0-DAEEFC8A903C}.Release|x64.ActiveCfg = Release|x64
		{880C7E08-94E9-4615-83E0-DAEEFC8A903C}.Release|x64.Build.0 = Release|x64
		{880C7E08-94E9-4615-83E0-DAEEFC8A903C}.Release|x86.ActiveCfg = Release|Win32
		{880C7E08-94E9-4615-83E0-DAEEFC8A903C}.Release|x86.Build.0 = Release|Win32
		{E5A79E81-697F-410E-9D57-F5FCD0A91FC7}.Debug|Any CPU.ActiveCfg = Debug|Win32
		{E5A79E81-697F-410E-9D57-F5FCD0A91FC7}.Debug|x64.ActiveCfg = Debug|x64
		{E5A79E81-697F-410E-9D57-F5FCD0A91FC7}.Debug|x64.Build.0 = Debug|x64
		{E5A79E81-697F-410E-9D57-F5FCD0A91FC7}.Debug|x86.ActiveCfg = Debug|Win32
		{E5A79E81-697F-410E-9D57-F5FCD0A91FC7}.Debug|x86.Build.0 = Debug|Win32
		{E5A79E81-697F-410E-9D57-F5FCD0A91FC7}.Release|Any CPU.ActiveCfg = Release|Win32
		{E5A79E81-697F-410E-9D57-F5FCD0A91FC7}.Release|x64.ActiveCfg = Release|x64
		{E5A79E81-697F-410E-9D57-F5FCD0A91FC7}.Release|x64.Build.0 = Release|x64
		{E5A79E81-697F-410E-9D57-F5FCD0A91FC7}.Release|x86.ActiveCfg = Release|Win32
		{E5A79E81-697F-410E-9D57-F5FCD0A91FC7}.Release|x86.Build.0 = Release|Win32
		{C62E2FF6-4F58-48BC-917D-2472384B3316}.Debug|Any CPU.ActiveCfg = Debug|Win32
		{C62E2FF6-4F58-48BC-917D-2472384B3316}.Debug|x64.ActiveCfg = Debug|x64
		{C62E2FF6-4F58-48BC-917D-2472384B3316}.Debug|x64.Build.0 = Debug|x64
		{C62E2FF6-4F58-48BC-917D-2472384B3316}.Debug|x86.ActiveCfg = Debug|Win32
		{C62E2FF6-4F58-48BC-917D-2472384B3316}.Debug|x86.Build.0 = Debug|Win32
		{C62E2FF6-4F58-48BC-917D-2472384B3316}.Release|Any CPU.ActiveCfg = Release|Win32
		{C62E2FF6-4F58-48BC-917D-2472384B3316}.Release|x64.ActiveCfg = Release|x64
		{C62E2FF6-4F58-48BC-917D-2472384B3316}.Release|x64.Build.0 = Release|x64
		{C62E2FF6-4F58-48BC-917D-2472384B3316}.Release|x86.ActiveCfg = Release|Win32
		{C62E2FF6-4F58-48BC-917D-2472384B3316}.Release|x86.Build.0 = Release|Win32
		{DFDFD7C5-AD45-4A49-9AF6-301F1EF6EBF2}.Debug|Any CPU.ActiveCfg = Debug|Win32
		{DFDFD7C5-AD45-4A49-9AF6-301F1EF6EBF2}.Debug|x64.ActiveCfg = Debug|x64
		{DFDFD7C5-AD45-4A49-9AF6-301F1EF6EBF2}.Debug|x64.Build.0 = Debug|x64
		{DFDFD7C5-AD45-4A49-9AF6-301F1EF6EBF2}.Debug|x86.ActiveCfg = Debug|Win32
		{DFDFD7C5-AD45-4A49-9AF6-301F1EF6EBF2}.Debug|x86.Build.0 = Debug|Win32
		{DFDFD7C5-AD45-4A49-9AF6-301F1EF6EBF2}.Release|Any CPU.ActiveCfg = Release|Win32
		{DFDFD7C5-AD45-4A49-9AF6-301F1EF6EBF2}.Release|x64.ActiveCfg = Release|x64
		{DFDFD7C5-AD45-4A49-9AF6-301F1EF6EBF2}.Release|x64.Build.0 = Release|x64
		{DFDFD7C5-AD45-4A49-9AF6-301F1EF6EBF2}.Release|x86.ActiveCfg = Release|Win32
		{DFDFD7C5-AD45-4A49-9AF6-301F1EF6EBF2}.Release|x86.Build.0 = Release|Win32
		{F8EDBF4E-F4E1-4C8F-B682-69784C8F4F28}.Debug|Any CPU.ActiveCfg = Debug|Win32
		{F8EDBF4E-F4E1-4C8F-B682-69784C8F4F28}.Debug|x64.ActiveCfg = Debug|x64
		{F8EDBF4E-F4E1-4C8F-B682-69784C8F4F28}.Debug|x64.Build.0 = Debug|x64
		{F8EDBF4E-F4E1-4C8F-B682-69784C8F4F28}.Debug|x86.ActiveCfg = Debug|Win32
		{F8EDBF4E-F4E1-4C8F-B682-69784C8F4F28}.Debug|x86.Build.0 = Debug|Win32
		{F8EDBF4E-F4E1-4C8F-B682-69784C8F4F28}.Release|Any CPU.ActiveCfg = Release|Win32
		{F8EDBF4E-F4E1-4C8F-B682-69784C8F4F28}.Release|x64.ActiveCfg = Release|x64
		{F8EDBF4E-F4E1-4C8F-B682-69784C8F4F28}.Release|x64.Build.0 = Release|x64
		{F8EDBF4E-F4E1-4C8F-B682-69784C8F4F28}.Release|x86.ActiveCfg = Release|Win32
		{F8EDBF4E-F4E1-4C8F-B682-69784C8F4F28}.Release|x86.Build.0 = Release|Win32
		{15C3F22F-3874-4C3D-864C-6ECBDB40A1C9}.Debug|Any CPU.ActiveCfg = Debug|Win32
		{15C3F22F-3874-4C3D-864C-6ECBDB40A1C9}.Debug|x64.ActiveCfg = Debug|x64
		{15C3F22F-3874-4C3D-864C-6ECBDB40A1C9}.Debug|x64.Build.0 = Debug|x64
		{15C3F22F-3874-4C3D-864C-6ECBDB40A1C9}.Debug|x86.ActiveCfg = Debug|Win32
		{15C3F22F-3874-4C3D-864C-6ECBDB40A1C9}.Debug|x86.Build.0 = Debug|Win32
		{15C3F22F-3874-4C3D-864C-6ECBDB40A1C9}.Release|Any CPU.ActiveCfg = Release|Win32
		{15C3F22F-3874-4C3D-864C-6ECBDB40A1C9}.Release|x64.ActiveCfg = Release|x64
		{15C3F22F-3874-4C3D-864C-6ECBDB40A1C9}.Release|x64.Build.0 = Release|x64
		{15C3F22F-3874-4C3D-864C-6ECBDB40A1C9}.Release|x86.ActiveCfg = Release|Win32
		{15C3F22F-3874-4C3D-864C-6ECBDB40A1C9}.Release|x86.Build.0 = Release|Win32
		{9FC91254-81CE-499A-B538-DC39388D1DDE}.Debug|Any CPU.ActiveCfg = Debug|Win32
		{9FC91254-81CE-499A-B538-DC39388D1DDE}.Debug|x64.ActiveCfg = Debug|x64
		{9FC91254-81CE-499A-B538-DC39388D1DDE}.Debug|x64.Build.0 = Debug|x64
		{9FC91254-81CE-499A-B538-DC39388D1DDE}.Debug|x86.ActiveCfg = Debug|Win32
		{9FC91254-81CE-499A-B538-DC39388D1DDE}.Debug|x86.Build.0 = Debug|Win32
		{9FC91254-81CE-499A-B538-DC39388D1DDE}.Release|Any CPU.ActiveCfg = Release|Win32
		{9FC91254-81CE-499A-B538-DC39388D1DDE}.Release|x64.ActiveCfg = Release|x64
		{9FC91254-81CE-499A-B538-DC39388D1DDE}.Release|x64.Build.0 = Release|x64
		{9FC91254-81CE-499A-B538-DC39388D1DDE}.Release|x86.ActiveCfg = Release|Win32
		{9FC91254-81CE-499A-B538-DC39388D1DDE}.Release|x86.Build.0 = Release|Win32
		{A8645AFC-739E-4D98-B0D6-5D31EC7FC315}.Debug|Any CPU.ActiveCfg = Debug|Win32
		{A8645AFC-739E-4D98-B0D6-5D31EC7FC315}.Debug|x64.ActiveCfg = Debug|x64
		{A8645AFC-739E-4D98-B0D6-5D31EC7FC315}.Debug|x64.Build.0 = Debug|x64
		{A8645AFC-739E-4D98-B0D6-5D31EC7FC315}.Debug|x86.ActiveCfg = Debug|Win32
		{A8645AFC-739E-4D98-B0D6-5D31EC7FC315}.Debug|x86.Build.0 = Debug|Win32
		{A8645AFC-739E-4D98-B0D6-5D31EC7FC315}.Release|Any CPU.ActiveCfg = Release|Win32
		{A8645AFC-739E-4D98-B0D6-5D31EC7FC315}.Release|x64.ActiveCfg = Release|x64
		{A8645AFC-739E-4D98-B0D6-5D31EC7FC315}.Release|x64.Build.0 = Release|x64
		{A8645AFC-739E-4D98-B0D6-5D31EC7FC315}.Release|x86.ActiveCfg = Release|Win32
		{A8645AFC-739E-4D98-B0D6-5D31EC7FC315}.Release|x86.Build.0 = Release|Win32
		{2B4F747E-FBB0-4C78-B964-92E555AED345}.Debug|Any CPU.ActiveCfg = Debug|Win32
		{2B4F747E-FBB0-4C78-B964-92E555AED345}.Debug|x64.ActiveCfg = Debug|x64
		{2B4F747E-FBB0-4C78-B964-92E555AED345}.Debug|x64.Build.0 = Debug|x64
		{2B4F747E-FBB0-4C78-B964-92E555AED345}.Debug|x86.ActiveCfg = Debug|Win32
		{2B4F747E-FBB0-4C78-B964-92E555AED345}.Debug|x86.Build.0 = Debug|Win32
		{2B4F747E-FBB0-4C78-B964-92E555AED345}.Release|Any CPU.ActiveCfg = Release|Win32
		{2B4F747E-FBB0-4C78-B964-92E555AED345}.Release|x64.ActiveCfg = Release|x64
		{2B4F747E-FBB0-4C78-B964-92E555AED345}.Release|x64.Build.0 = Release|x64
		{2B4F747E-FBB0-4C78-B964-92E555AED345}.Release|x86.ActiveCfg = Release|Win32
		{2B4F747E-FBB0-4C78-B964-92E555AED345}.Release|x86.Build.0 = Release|Win32
		{04A1DBEF-B594-45AA-AFB3-8A8127059AA8}.Debug|Any CPU.ActiveCfg = Debug|Win32
		{04A1DBEF-B594-45AA-AFB3-8A8127059AA8}.Debug|x64.ActiveCfg = Debug|x64
		{04A1DBEF-B594-45AA-AFB3-8A8127059AA8}.Debug|x64.Build.0 = Debug|x64
		{04A1DBEF-B594-45AA-AFB3-8A8127059AA8}.Debug|x86.ActiveCfg = Debug|Win32
		{04A1DBEF-B594-45AA-AFB3-8A8127059AA8}.Debug|x86.Build.0 = Debug|Win32
		{04A1DBEF-B594-45AA-AFB3-8A8127059AA8}.Release|Any CPU.ActiveCfg = Release|Win32
		{04A1DBEF-B594-45AA-AFB3-8A8127059AA8}.Release|x64.ActiveCfg = Release|x64
		{04A1DBEF-B594-45AA-AFB3-8A8127059AA8}.Release|x64.Build.0 = Release|x64
		{04A1DBEF-B594-45AA-AFB3-8A8127059AA8}.Release|x86.ActiveCfg = Release|Win32
		{04A1DBEF-B594-45AA-AFB3-8A8127059AA8}.Release|x86.Build.0 = Release|Win32
		{48EF0E38-A31D-4B01-B135-A1AE3063A219}.Debug|Any CPU.ActiveCfg = Debug|Win32
		{48EF0E38-A31D-4B01-B135-A1AE3063A219}.Debug|x64.ActiveCfg = Debug|x64
		{48EF0E38-A31D-4B01-B135-A1AE3063A219}.Debug|x64.Build.0 = Debug|x64
		{48EF0E38-A31D-4B01-B135-A1AE3063A219}.Debug|x86.ActiveCfg = Debug|Win32
		{48EF0E38-A31D-4B01-B135-A1AE3063A219}.Debug|x86.Build.0 = Debug|Win32
		{48EF0E38-A31D-4B01-B135-A1AE3063A219}.Release|Any CPU.ActiveCfg = Release|Win32
		{48EF0E38-A31D-4B01-B135-A1AE3063A219}.Release|x64.ActiveCfg = Release|x64
		{48EF0E38-A31D-4B01-B135-A1AE3063A219}.Release|x64.Build.0 = Release|x64
		{48EF0E38-A31D-4B01-B135-A1AE3063A219}.Release|x86.ActiveCfg = Release|Win32
		{48EF0E38-A31D-4B01-B135-A1AE3063A219}.Release|x86.Build.0 = Release|Win32
		{52D05BD6-9EAE-4DB7-8724-7DF6CCB6ECF5}.Debug|Any CPU.ActiveCfg = Debug|Win32
		{52D05BD6-9EAE-4DB7-8724-7DF6CCB6ECF5}.Debug|x64.ActiveCfg = Debug|x64
		{52D05BD6-9EAE-4DB7-8724-7DF6CCB6ECF5}.Debug|x64.Build.0 = Debug|x64
		{52D05BD6-9EAE-4DB7-8724-7DF6CCB6ECF5}.Debug|x86.ActiveCfg = Debug|Win32
		{52D05BD6-9EAE-4DB7-8724-7DF6CCB6ECF5}.Debug|x86.Build.0 = Debug|Win32
		{52D05BD6-9EAE-4DB7-8724-7DF6CCB6ECF5}.Release|Any CPU.ActiveCfg = Release|Win32
		{52D05BD6-9EAE-4DB7-8724-7DF6CCB6ECF5}.Release|x64.ActiveCfg = Release|x64
		{52D05BD6-9EAE-4DB7-8724-7DF6CCB6ECF5}.Release|x64.Build.0 = Release|x64
		{52D05BD6-9EAE-4DB7-8724-7DF6CCB6ECF5}.Release|x86.ActiveCfg = Release|Win32
		{52D05BD6-9EAE-4DB7-8724-7DF6CCB6ECF5}.Release|x86.Build.0 = Release|Win32
		{9EE864B6-9C56-4266-9CB0-E57B20C090B4}.Debug|Any CPU.ActiveCfg = Debug|Win32
		{9EE864B6-9C56-4266-9CB0-E57B20C090B4}.Debug|x64.ActiveCfg = Debug|x64
		{9EE864B6-9C56-4266-9CB0-E57B20C090B4}.Debug|x64.Build.0 = Debug|x64
		{9EE864B6-9C56-4266-9CB0-E57B20C090B4}.Debug|x86.ActiveCfg = Debug|Win32
		{9EE864B6-9C56-4266-9CB0-E57B20C090B4}.Debug|x86.Build.0 = Debug|Win32
		{9EE864B6-9C56-4266-9CB0-E57B20C090B4}.Release|Any CPU.ActiveCfg = Release|Win32
		{9EE864B6-9C56-4266-9CB0-E57B20C090B4}.Release|x64.ActiveCfg = Release|x64
		{9EE864B6-9C56-4266-9CB0-E57B20C090B4}.Release|x64.Build.0 = Release|x64
		{9EE864B6-9C56-4266-9CB0-E57B20C090B4}.Release|x86.ActiveCfg = Release|Win32
		{9EE864B6-9C56-4266-9CB0-E57B20C090B4}.Release|x86.Build.0 = Release|Win32
		{F51F25ED-AE81-4A63-ABBC-8288B4F1961D}.Debug|Any CPU.ActiveCfg = Debug|Win32
		{F51F25ED-AE81-4A63-ABBC-8288B4F1961D}.Debug|x64.ActiveCfg = Debug|x64
		{F51F25ED-AE81-4A63-ABBC-8288B4F1961D}.Debug|x64.Build.0 = Debug|x64
		{F51F25ED-AE81-4A63-ABBC-8288B4F1961D}.Debug|x86.ActiveCfg = Debug|Win32
		{F51F25ED-AE81-4A63-ABBC-8288B4F1961D}.Debug|x86.Build.0 = Debug|Win32
		{F51F25ED-AE81-4A63-ABBC-8288B4F1961D}.Release|Any CPU.ActiveCfg = Release|Win32
		{F51F25ED-AE81-4A63-ABBC-8288B4F1961D}.Release|x64.ActiveCfg = Release|x64
		{F51F25ED-AE81-4A63-ABBC-8288B4F1961D}.Release|x64.Build.0 = Release|x64
		{F51F25ED-AE81-4A63-ABBC-8288B4F1961D}.Release|x86.ActiveCfg = Release|Win32
		{F51F25ED-AE81-4A63-ABBC-8288B4F1961D}.Release|x86.Build.0 = Release|Win32
		{9EFEAC00-11F0-4479-9B6B-A0ED0AA134D9}.Debug|Any CPU.ActiveCfg = Debug|Win32
		{9EFEAC00-11F0-4479-9B6B-A0ED0AA134D9}.Debug|x64.ActiveCfg = Debug|x64
		{9EFEAC00-11F0-4479-9B6B-A0ED0AA134D9}.Debug|x64.Build.0 = Debug|x64
		{9EFEAC00-11F0-4479-9B6B-A0ED0AA134D9}.Debug|x86.ActiveCfg = Debug|Win32
		{9EFEAC00-11F0-4479-9B6B-A0ED0AA134D9}.Debug|x86.Build.0 = Debug|Win32
		{9EFEAC00-11F0-4479-9B6B-A0ED0AA134D9}.Release|Any CPU.ActiveCfg = Release|Win32
		{9EFEAC00-11F0-4479-9B6B-A0ED0AA134D9}.Release|x64.ActiveCfg = Release|x64
		{9EFEAC00-11F0-4479-9B6B-A0ED0AA134D9}.Release|x64.Build.0 = Release|x64
		{9EFEAC00-11F0-4479-9B6B-A0ED0AA134D9}.Release|x86.ActiveCfg = Release|Win32
		{9EFEAC00-11F0-4479-9B6B-A0ED0AA134D9}.Release|x86.Build.0 = Release|Win32
		{9B220E09-8508-486D-9370-9F4593E86FA3}.Debug|Any CPU.ActiveCfg = Debug|Win32
		{9B220E09-8508-486D-9370-9F4593E86FA3}.Debug|x64.ActiveCfg = Debug|x64
		{9B220E09-8508-486D-9370-9F4593E86FA3}.Debug|x64.Build.0 = Debug|x64
		{9B220E09-8508-486D-9370-9F4593E86FA3}.Debug|x86.ActiveCfg = Debug|Win32
		{9B220E09-8508-486D-9370-9F4593E86FA3}.Debug|x86.Build.0 = Debug|Win32
		{9B220E09-8508-486D-9370-9F4593E86FA3}.Release|Any CPU.ActiveCfg = Release|Win32
		{9B220E09-8508-486D-9370-9F4593E86FA3}.Release|x64.ActiveCfg = Release|x64
		{9B220E09-8508-486D-9370-9F4593E86FA3}.Release|x64.Build.0 = Release|x64
		{9B220E09-8508-486D-9370-9F4593E86FA3}.Release|x86.ActiveCfg = Release|Win32
		{9B220E09-8508-486D-9370-9F4593E86FA3}.Release|x86.Build.0 = Release|Win32
		{824C5180-F13B-4E6D-A423-BFE64F503673}.Debug|Any CPU.ActiveCfg = Debug|Win32
		{824C5180-F13B-4E6D-A423-BFE64F503673}.Debug|x64.ActiveCfg = Debug|x64
		{824C5180-F13B-4E6D-A423-BFE64F503673}.Debug|x64.Build.0 = Debug|x64
		{824C5180-F13B-4E6D-A423-BFE64F503673}.Debug|x86.ActiveCfg = Debug|Win32
		{824C5180-F13B-4E6D-A423-BFE64F503673}.Debug|x86.Build.0 = Debug|Win32
		{824C5180-F13B-4E6D-A423-BFE64F503673}.Release|Any CPU.ActiveCfg = Release|Win32
		{824C5180-F13B-4E6D-A423-BFE64F503673}.Release|x64.ActiveCfg = Release|x64
		{824C5180-F13B-4E6D-A423-BFE64F503673}.Release|x64.Build.0 = Release|x64
		{824C5180-F13B-4E6D-A423-BFE64F503673}.Release|x86.ActiveCfg = Release|Win32
		{824C5180-F13B-4E6D-A423-BFE64F503673}.Release|x86.Build.0 = Release|Win32
		{97E3BA7C-ABB5-46A9-99D1-E0B73F1CE08F}.Debug|Any CPU.ActiveCfg = Debug|Win32
		{97E3BA7C-ABB5-46A9-99D1-E0B73F1CE08F}.Debug|x64.ActiveCfg = Debug|x64
		{97E3BA7C-ABB5-46A9-99D1-E0B73F1CE08F}.Debug|x64.Build.0 = Debug|x64
		{97E3BA7C-ABB5-46A9-99D1-E0B73F1CE08F}.Debug|x86.ActiveCfg = Debug|Win32
		{97E3BA7C-ABB5-46A9-99D1-E0B73F1CE08F}.Debug|x86.Build.0 = Debug|Win32
		{97E3BA7C-ABB5-46A9-99D1-E0B73F1CE08F}.Release|Any CPU.ActiveCfg = Release|Win32
		{97E3BA7C-ABB5-46A9-99D1-E0B73F1CE08F}.Release|x64.ActiveCfg = Release|x64
		{97E3BA7C-ABB5-46A9-99D1-E0B73F1CE08F}.Release|x64.Build.0 = Release|x64
		{97E3BA7C-ABB5-46A9-99D1-E0B73F1CE08F}.Release|x86.ActiveCfg = Release|Win32
		{97E3BA7C-ABB5-46A9-99D1-E0B73F1CE08F}.Release|x86.Build.0 = Release|Win32
		{198CCA5D-53F2-4345-A5C8-26E36F3D941A}.Debug|Any CPU.ActiveCfg = Debug|Win32
		{198CCA5D-53F2-4345-A5C8-26E36F3D941A}.Debug|x64.ActiveCfg = Debug|x64
		{198CCA5D-53F2-4345-A5C8-26E36F3D941A}.Debug|x64.Build.0 = Debug|x64
		{198CCA5D-53F2-4345-A5C8-26E36F3D941A}.Debug|x86.ActiveCfg = Debug|Win32
		{198CCA5D-53F2-4345-A5C8-26E36F3D941A}.Debug|x86.Build.0 = Debug|Win32
		{198CCA5D-53F2-4345-A5C8-26E36F3D941A}.Release|Any CPU.ActiveCfg = Release|Win32
		{198CCA5D-53F2-4345-A5C8-26E36F3D941A}.Release|x64.ActiveCfg = Release|x64
		{198CCA5D-53F2-4345-A5C8-26E36F3D941A}.Release|x64.Build.0 = Release|x64
		{198CCA5D-53F2-4345-A5C8-26E36F3D941A}.Release|x86.ActiveCfg = Release|Win32
		{198CCA5D-53F2-4345-A5C8-26E36F3D941A}.Release|x86.Build.0 = Release|Win32
		{15A7A8DB-1581-4754-AE8E-F118C74BE3DC}.Debug|Any CPU.ActiveCfg = Debug|Win32
		{15A7A8DB-1581-4754-AE8E-F118C74BE3DC}.Debug|x64.ActiveCfg = Debug|x64
		{15A7A8DB-1581-4754-AE8E-F118C74BE3DC}.Debug|x64.Build.0 = Debug|x64
		{15A7A8DB-1581-4754-AE8E-F118C74BE3DC}.Debug|x86.ActiveCfg = Debug|Win32
		{15A7A8DB-1581-4754-AE8E-F118C74BE3DC}.Debug|x86.Build.0 = Debug|Win32
		{15A7A8DB-1581-4754-AE8E-F118C74BE3DC}.Release|Any CPU.ActiveCfg = Release|Win32
		{15A7A8DB-1581-4754-AE8E-F118C74BE3DC}.Release|x64.ActiveCfg = Release|x64
		{15A7A8DB-1581-4754-AE8E-F118C74BE3DC}.Release|x64.Build.0 = Release|x64
		{15A7A8DB-1581-4754-AE8E-F118C74BE3DC}.Release|x86.ActiveCfg = Release|Win32
		{15A7A8DB-1581-4754-AE8E-F118C74BE3DC}.Release|x86.Build.0 = Release|Win32
		{A1CC1050-5EA3-47B6-BE05-784CB715C439}.Debug|Any CPU.ActiveCfg = Debug|Win32
		{A1CC1050-5EA3-47B6-BE05-784CB715C439}.Debug|x64.ActiveCfg = Debug|x64
		{A1CC1050-5EA3-47B6-BE05-784CB715C439}.Debug|x64.Build.0 = Debug|x64
		{A1CC1050-5EA3-47B6-BE05-784CB715C439}.Debug|x86.ActiveCfg = Debug|Win32
		{A1CC1050-5EA3-47B6-BE05-784CB715C439}.Debug|x86.Build.0 = Debug|Win32
		{A1CC1050-5EA3-47B6-BE05-784CB715C439}.Release|Any CPU.ActiveCfg = Release|Win32
		{A1CC1050-5EA3-47B6-BE05-784CB715C439}.Release|x64.ActiveCfg = Release|x64
		{A1CC1050-5EA3-47B6-BE05-784CB715C439}.Release|x64.Build.0 = Release|x64
		{A1CC1050-5EA3-47B6-BE05-784CB715C439}.Release|x86.ActiveCfg = Release|Win32
		{A1CC1050-5EA3-47B6-BE05-784CB715C439}.Release|x86.Build.0 = Release|Win32
		{7FC51952-78E1-4964-B70C-E161A1531BB5}.Debug|Any CPU.ActiveCfg = Debug|Win32
		{7FC51952-78E1-4964-B70C-E161A1531BB5}.Debug|x64.ActiveCfg = Debug|x64
		{7FC51952-78E1-4964-B70C-E161A1531BB5}.Debug|x64.Build.0 = Debug|x64
		{7FC51952-78E1-4964-B70C-E161A1531BB5}.Debug|x86.ActiveCfg = Debug|Win32
		{7FC51952-78E1-4964-B70C-E161A1531BB5}.Debug|x86.Build.0 = Debug|Win32
		{7FC51952-78E1-4964-B70C-E161A1531BB5}.Release|Any CPU.ActiveCfg = Release|Win32
		{7FC51952-78E1-4964-B70C-E161A1531BB5}.Release|x64.ActiveCfg = Release|x64
		{7FC51952-78E1-4964-B70C-E161A1531BB5}.Release|x64.Build.0 = Release|x64
		{7FC51952-78E1-4964-B70C-E161A1531BB5}.Release|x86.ActiveCfg = Release|Win32
		{7FC51952-78E1-4964-B70C-E161A1531BB5}.Release|x86.Build.0 = Release|Win32
		{EA260A63-FE2E-4765-866B-96BBFCDA2C9A}.Debug|Any CPU.ActiveCfg = Debug|Win32
		{EA260A63-FE2E-4765-866B-96BBFCDA2C9A}.Debug|x64.ActiveCfg = Debug|x64
		{EA260A63-FE2E-4765-866B-96BBFCDA2C9A}.Debug|x64.Build.0 = Debug|x64
		{EA260A63-FE2E-4765-866B-96BBFCDA2C9A}.Debug|x86.ActiveCfg = Debug|Win32
		{EA260A63-FE2E-4765-866B-96BBFCDA2C9A}.Debug|x86.Build.0 = Debug|Win32
		{EA260A63-FE2E-4765-866B-96BBFCDA2C9A}.Release|Any CPU.ActiveCfg = Release|Win32
		{EA260A63-FE2E-4765-866B-96BBFCDA2C9A}.Release|x64.ActiveCfg = Release|x64
		{EA260A63-FE2E-4765-866B-96BBFCDA2C9A}.Release|x64.Build.0 = Release|x64
		{EA260A63-FE2E-4765-866B-96BBFCDA2C9A}.Release|x86.ActiveCfg = Release|Win32
		{EA260A63-FE2E-4765-866B-96BBFCDA2C9A}.Release|x86.Build.0 = Release|Win32
		{0C68C090-DA70-4906-85D3-6C425A815A40}.Debug|Any CPU.ActiveCfg = Debug|Win32
		{0C68C090-DA70-4906-85D3-6C425A815A40}.Debug|x64.ActiveCfg = Debug|x64
		{0C68C090-DA70-4906-85D3-6C425A815A40}.Debug|x64.Build.0 = Debug|x64
		{0C68C090-DA70-4906-85D3-6C425A815A40}.Debug|x86.ActiveCfg = Debug|Win32
		{0C68C090-DA70-4906-85D3-6C425A815A40}.Debug|x86.Build.0 = Debug|Win32
		{0C68C090-DA70-4906-85D3-6C425A815A40}.Release|Any CPU.ActiveCfg = Release|Win32
		{0C68C090-DA70-4906-85D3-6C425A815A40}.Release|x64.ActiveCfg = Release|x64
		{0C68C090-DA70-4906-85D3-6C425A815A40}.Release|x64.Build.0 = Release|x64
		{0C68C090-DA70-4906-85D3-6C425A815A40}.Release|x86.ActiveCfg = Release|Win32
		{0C68C090-DA70-4906-85D3-6C425A815A40}.Release|x86.Build.0 = Release|Win32
		{0616AF0A-52F8-4086-9C24-AFCB12ABE93A}.Debug|Any CPU.ActiveCfg = Debug|Win32
		{0616AF0A-52F8-4086-9C24-AFCB12ABE93A}.Debug|x64.ActiveCfg = Debug|x64
		{0616AF0A-52F8-4086-9C24-AFCB12ABE93A}.Debug|x64.Build.0 = Debug|x64
		{0616AF0A-52F8-4086-9C24-AFCB12ABE93A}.Debug|x86.ActiveCfg = Debug|Win32
		{0616AF0A-52F8-4086-9C24-AFCB12ABE93A}.Debug|x86.Build.0 = Debug|Win32
		{0616AF0A-52F8-4086-9C24-AFCB12ABE93A}.Release|Any CPU.ActiveCfg = Release|Win32
		{0616AF0A-52F8-4086-9C24-AFCB12ABE93A}.Release|x64.ActiveCfg = Release|x64
		{0616AF0A-52F8-4086-9C24-AFCB12ABE93A}.Release|x64.Build.0 = Release|x64
		{0616AF0A-52F8-4086-9C24-AFCB12ABE93A}.Release|x86.ActiveCfg = Release|Win32
		{0616AF0A-52F8-4086-9C24-AFCB12ABE93A}.Release|x86.Build.0 = Release|Win32
		{92BEC595-D5CE-4A10-BCFE-1AB68A4E3D8D}.Debug|Any CPU.ActiveCfg = Debug|Win32
		{92BEC595-D5CE-4A10-BCFE-1AB68A4E3D8D}.Debug|x64.ActiveCfg = Debug|x64
		{92BEC595-D5CE-4A10-BCFE-1AB68A4E3D8D}.Debug|x64.Build.0 = Debug|x64
		{92BEC595-D5CE-4A10-BCFE-1AB68A4E3D8D}.Debug|x86.ActiveCfg = Debug|Win32
		{92BEC595-D5CE-4A10-BCFE-1AB68A4E3D8D}.Debug|x86.Build.0 = Debug|Win32
		{92BEC595-D5CE-4A10-BCFE-1AB68A4E3D8D}.Release|Any CPU.ActiveCfg = Release|Win32
		{92BEC595-D5CE-4A10-BCFE-1AB68A4E3D8D}.Release|x64.ActiveCfg = Release|x64
		{92BEC595-D5CE-4A10-BCFE-1AB68A4E3D8D}.Release|x64.Build.0 = Release|x64
		{92BEC595-D5CE-4A10-BCFE-1AB68A4E3D8D}.Release|x86.ActiveCfg = Release|Win32
		{92BEC595-D5CE-4A10-BCFE-1AB68A4E3D8D}.Release|x86.Build.0 = Release|Win32
	EndGlobalSection
	GlobalSection(SolutionProperties) = preSolution
		HideSolutionNode = FALSE
	EndGlobalSection
	GlobalSection(NestedProjects) = preSolution
		{3F78D4A3-2552-401D-9DFA-FCAC3FC9DBD5} = {342657A3-7EB8-45CA-9440-DB22AD8AB389}
		{43A8E1A4-EDB5-476A-AA18-5D8C0B511689} = {342657A3-7EB8-45CA-9440-DB22AD8AB389}
		{78FEC5F4-2507-4DD4-A678-A756B48D3AB5} = {342657A3-7EB8-45CA-9440-DB22AD8AB389}
		{DB8CF92B-C663-41D6-A8FE-864A8BA49EAE} = {F653666A-8EFF-4745-BFD5-08150D848CB7}
		{CADCDC9F-5432-4861-8CBC-756A49CE93FF} = {F653666A-8EFF-4745-BFD5-08150D848CB7}
		{7EB22A00-6D50-4FE0-91BE-495B5919C707} = {379E1BA8-1875-406A-9AA4-7BA64B44DD57}
		{3D174C32-0BA8-4421-BD9D-986FCD66AA60} = {379E1BA8-1875-406A-9AA4-7BA64B44DD57}
		{30834C6A-B8DE-4CFF-9F34-D58DE9D052B4} = {379E1BA8-1875-406A-9AA4-7BA64B44DD57}
		{472EDB24-37D0-4390-8F10-7371EEBCF87E} = {EA834333-4E52-4232-AF3C-D83778F51C5D}
		{A78B5E17-C795-4603-85F2-3893254AC93D} = {59DBD96A-CE91-41D7-816C-87129F010390}
		{786DDD2F-4E51-413A-A1D4-4EEABC402507} = {1E0DFFD2-CE49-4229-9535-8C86696CA4E5}
		{57273117-E85F-452B-BB0B-2B0F542A2180} = {47D4BB8B-6903-487F-8018-25C27FD74C29}
		{58522CAC-4C56-4247-B250-F91016A9D3A6} = {1E0DFFD2-CE49-4229-9535-8C86696CA4E5}
		{07413776-AE88-49CA-99E1-BCA808C73AC1} = {D247B1ED-75E0-4F3D-9632-35613D65721C}
		{7EB8EFBF-6FAA-43C5-ADCC-E0A158431DD4} = {81F2AE16-60CA-4E9D-87BD-8CDDA439AB8F}
		{AD49A984-C2BF-42CC-B63F-F8CED38EE37E} = {81F2AE16-60CA-4E9D-87BD-8CDDA439AB8F}
		{224220AF-0317-48E0-892E-FCD6881E30CC} = {048D0329-B06B-425A-B9F1-51A35832F051}
		{547C9615-EB29-428B-AE97-D44B0BD98649} = {048D0329-B06B-425A-B9F1-51A35832F051}
		{922AB527-98AE-4BC7-B1D4-2B8B28C524EF} = {F9C711B7-2085-4B7A-854D-B6C079C32110}
		{04D3F62C-92C2-4E12-A71F-0BC566F48CF9} = {F9C711B7-2085-4B7A-854D-B6C079C32110}
		{127BFF00-3254-4A03-86DE-E88462DF4F32} = {F9C711B7-2085-4B7A-854D-B6C079C32110}
		{2CFEAB8F-96EB-4E22-B320-B74A2C63FF80} = {F9C711B7-2085-4B7A-854D-B6C079C32110}
		{F9C711B7-2085-4B7A-854D-B6C079C32110} = {18C08E7B-E103-416F-B362-47B8502795F6}
		{199735B9-45F4-425B-B830-1599FBB62B9A} = {18C08E7B-E103-416F-B362-47B8502795F6}
		{370D8ADC-A6C8-4483-8113-38E43917DB36} = {199735B9-45F4-425B-B830-1599FBB62B9A}
		{213E35CD-10F4-4FAD-B009-BD35B200D1CA} = {199735B9-45F4-425B-B830-1599FBB62B9A}
		{23929266-6125-44B1-A1E0-85130E546404} = {E922B32A-2D24-41E1-B7DC-EE481A83877C}
		{62DC7F7D-D08E-4910-9377-9BDB30F1B5E1} = {47D4BB8B-6903-487F-8018-25C27FD74C29}
		{2B3BEE63-0BD0-4853-91FB-C4995CA2F53D} = {E922B32A-2D24-41E1-B7DC-EE481A83877C}
		{BB53EEA2-FF8D-4EC8-A681-C713185234E2} = {E922B32A-2D24-41E1-B7DC-EE481A83877C}
		{040EEE96-72BE-449C-AC0E-9EFCD4AEB5CA} = {31BA4CAA-0DDB-45F4-AEB4-CAFF6892D858}
		{B0AAE32D-165D-43DF-9FAC-B83A7F586217} = {31BA4CAA-0DDB-45F4-AEB4-CAFF6892D858}
		{ABDBF65E-183D-4C2C-BBE6-ED992D693FAC} = {31BA4CAA-0DDB-45F4-AEB4-CAFF6892D858}
		{12D4F9C0-CDBF-41A7-BA8B-44CB5054A19D} = {31BA4CAA-0DDB-45F4-AEB4-CAFF6892D858}
		{A08C4E7D-644B-499F-8916-968F76DBFFB9} = {31BA4CAA-0DDB-45F4-AEB4-CAFF6892D858}
		{91D7B179-47E8-4B59-8D2A-784589BB254A} = {31BA4CAA-0DDB-45F4-AEB4-CAFF6892D858}
		{738F919D-9A5B-47CB-9356-7253AB5F1BB3} = {31BA4CAA-0DDB-45F4-AEB4-CAFF6892D858}
		{83225176-8D71-48AB-AA38-43653AF2CD6A} = {A1C35E1E-EEAD-4A2A-B414-3CFD08F2B10C}
		{2A892187-D564-4D2C-863C-66474348E2F0} = {A1C35E1E-EEAD-4A2A-B414-3CFD08F2B10C}
		{8782FE13-A9EA-4463-8CCB-832193E94509} = {A1C35E1E-EEAD-4A2A-B414-3CFD08F2B10C}
		{7ED7CCEB-1E67-49F3-9E84-B70B40189447} = {5331B896-37C7-4112-8ACB-585E6A1DACF7}
		{091106CA-BFBC-4321-B85D-DA07C4AFA042} = {5331B896-37C7-4112-8ACB-585E6A1DACF7}
		{012E6B73-14F2-418F-A277-D0653E0AF513} = {5331B896-37C7-4112-8ACB-585E6A1DACF7}
		{6F3654F4-AD25-4797-8C14-422AB06B0FD6} = {5331B896-37C7-4112-8ACB-585E6A1DACF7}
		{30B47B82-87D4-4D56-AD3C-D6FF701C07BC} = {5331B896-37C7-4112-8ACB-585E6A1DACF7}
		{880C7E08-94E9-4615-83E0-DAEEFC8A903C} = {5331B896-37C7-4112-8ACB-585E6A1DACF7}
		{E5A79E81-697F-410E-9D57-F5FCD0A91FC7} = {5331B896-37C7-4112-8ACB-585E6A1DACF7}
		{C62E2FF6-4F58-48BC-917D-2472384B3316} = {5331B896-37C7-4112-8ACB-585E6A1DACF7}
		{DFDFD7C5-AD45-4A49-9AF6-301F1EF6EBF2} = {5331B896-37C7-4112-8ACB-585E6A1DACF7}
		{F8EDBF4E-F4E1-4C8F-B682-69784C8F4F28} = {5331B896-37C7-4112-8ACB-585E6A1DACF7}
		{15C3F22F-3874-4C3D-864C-6ECBDB40A1C9} = {5331B896-37C7-4112-8ACB-585E6A1DACF7}
		{9FC91254-81CE-499A-B538-DC39388D1DDE} = {7CEE0DC7-A4E6-44FB-AA50-69E4A370031C}
		{A8645AFC-739E-4D98-B0D6-5D31EC7FC315} = {7CEE0DC7-A4E6-44FB-AA50-69E4A370031C}
		{2B4F747E-FBB0-4C78-B964-92E555AED345} = {7CEE0DC7-A4E6-44FB-AA50-69E4A370031C}
		{04A1DBEF-B594-45AA-AFB3-8A8127059AA8} = {4498D0BA-B826-4E35-A273-A0528174C6D6}
		{48EF0E38-A31D-4B01-B135-A1AE3063A219} = {4498D0BA-B826-4E35-A273-A0528174C6D6}
		{52D05BD6-9EAE-4DB7-8724-7DF6CCB6ECF5} = {4498D0BA-B826-4E35-A273-A0528174C6D6}
		{9EE864B6-9C56-4266-9CB0-E57B20C090B4} = {4498D0BA-B826-4E35-A273-A0528174C6D6}
		{F51F25ED-AE81-4A63-ABBC-8288B4F1961D} = {4498D0BA-B826-4E35-A273-A0528174C6D6}
		{9EFEAC00-11F0-4479-9B6B-A0ED0AA134D9} = {C400888F-9207-454E-8B98-E19F07FDB0E3}
		{9B220E09-8508-486D-9370-9F4593E86FA3} = {E1BB1FA0-B017-419B-99B1-B552FB317032}
		{824C5180-F13B-4E6D-A423-BFE64F503673} = {E1BB1FA0-B017-419B-99B1-B552FB317032}
		{97E3BA7C-ABB5-46A9-99D1-E0B73F1CE08F} = {E1BB1FA0-B017-419B-99B1-B552FB317032}
		{198CCA5D-53F2-4345-A5C8-26E36F3D941A} = {E1BB1FA0-B017-419B-99B1-B552FB317032}
		{15A7A8DB-1581-4754-AE8E-F118C74BE3DC} = {E1BB1FA0-B017-419B-99B1-B552FB317032}
		{A1CC1050-5EA3-47B6-BE05-784CB715C439} = {635162A5-72FD-4E26-90E5-227F33A123C4}
		{7FC51952-78E1-4964-B70C-E161A1531BB5} = {635162A5-72FD-4E26-90E5-227F33A123C4}
		{EA260A63-FE2E-4765-866B-96BBFCDA2C9A} = {EFF65909-86D6-4351-BBFE-2113B7A6A96D}
		{0C68C090-DA70-4906-85D3-6C425A815A40} = {EFF65909-86D6-4351-BBFE-2113B7A6A96D}
		{0616AF0A-52F8-4086-9C24-AFCB12ABE93A} = {EFF65909-86D6-4351-BBFE-2113B7A6A96D}
		{92BEC595-D5CE-4A10-BCFE-1AB68A4E3D8D} = {EFF65909-86D6-4351-BBFE-2113B7A6A96D}
	EndGlobalSection
	GlobalSection(ExtensibilityGlobals) = postSolution
		SolutionGuid = {75E8EA6B-2D3D-4EDF-ABBC-ECC254B8F95D}
	EndGlobalSection
EndGlobal
